// !$*UTF8*$!
{
	archiveVersion = 1;
	classes = {
	};
	objectVersion = 46;
	objects = {

/* Begin PBXBuildFile section */
		3E0359351635322B0051DABA /* WebViewImpl.m in Sources */ = {isa = PBXBuildFile; fileRef = 3E0359341635322B0051DABA /* WebViewImpl.m */; };
		3E06D5AE1632C2490013DCF7 /* LuaInvoker.m in Sources */ = {isa = PBXBuildFile; fileRef = 3E06D5AD1632C2490013DCF7 /* LuaInvoker.m */; };
		3E06D5B21632C94A0013DCF7 /* UIRelatedImpl.m in Sources */ = {isa = PBXBuildFile; fileRef = 3E06D5B11632C94A0013DCF7 /* UIRelatedImpl.m */; };
		3E06D5C21632E2880013DCF7 /* ProviderPool.m in Sources */ = {isa = PBXBuildFile; fileRef = 3E06D5C11632E2880013DCF7 /* ProviderPool.m */; };
		3E06D5C51632E3650013DCF7 /* HTTPRequest.m in Sources */ = {isa = PBXBuildFile; fileRef = 3E06D5C41632E3650013DCF7 /* HTTPRequest.m */; };
		3E094F041634E469006F90A9 /* RTProperty.m in Sources */ = {isa = PBXBuildFile; fileRef = 3E094F011634E469006F90A9 /* RTProperty.m */; };
		3E094F051634E469006F90A9 /* RuntimeUtils.m in Sources */ = {isa = PBXBuildFile; fileRef = 3E094F031634E469006F90A9 /* RuntimeUtils.m */; };
		3E094F0C1634F145006F90A9 /* LabelImpl.m in Sources */ = {isa = PBXBuildFile; fileRef = 3E094F0B1634F145006F90A9 /* LabelImpl.m */; };
		3E094F1716351532006F90A9 /* NavigationControllerImpl.m in Sources */ = {isa = PBXBuildFile; fileRef = 3E094F1616351531006F90A9 /* NavigationControllerImpl.m */; };
		3E094F1A16351CEA006F90A9 /* PrefixGrammarChecker.m in Sources */ = {isa = PBXBuildFile; fileRef = 3E094F1916351CEA006F90A9 /* PrefixGrammarChecker.m */; };
		3E45B9A9163A893800E19133 /* UIKit.lua in Resources */ = {isa = PBXBuildFile; fileRef = 3E45B9A8163A893800E19133 /* UIKit.lua */; };
		3E45B9AE163A896F00E19133 /* doc.txt in Resources */ = {isa = PBXBuildFile; fileRef = 3E45B9AB163A896F00E19133 /* doc.txt */; };
		3E45B9AF163A896F00E19133 /* main.lua in Resources */ = {isa = PBXBuildFile; fileRef = 3E45B9AC163A896F00E19133 /* main.lua */; };
		3E4EBD241636FDCA00629387 /* UIBarButtonItemImpl.m in Sources */ = {isa = PBXBuildFile; fileRef = 3E4EBD231636FDC900629387 /* UIBarButtonItemImpl.m */; };
		3E4EBD29163814BD00629387 /* DotGrammarChecker.m in Sources */ = {isa = PBXBuildFile; fileRef = 3E4EBD28163814BD00629387 /* DotGrammarChecker.m */; };
		3E63395C162D8C3900B63328 /* UIKit.framework in Frameworks */ = {isa = PBXBuildFile; fileRef = 3E63395B162D8C3900B63328 /* UIKit.framework */; };
		3E63395E162D8C3900B63328 /* Foundation.framework in Frameworks */ = {isa = PBXBuildFile; fileRef = 3E63395D162D8C3900B63328 /* Foundation.framework */; };
		3E633960162D8C3900B63328 /* CoreGraphics.framework in Frameworks */ = {isa = PBXBuildFile; fileRef = 3E63395F162D8C3900B63328 /* CoreGraphics.framework */; };
		3E633966162D8C3900B63328 /* InfoPlist.strings in Resources */ = {isa = PBXBuildFile; fileRef = 3E633964162D8C3900B63328 /* InfoPlist.strings */; };
		3E633968162D8C3900B63328 /* main.m in Sources */ = {isa = PBXBuildFile; fileRef = 3E633967162D8C3900B63328 /* main.m */; };
		3E63396C162D8C3A00B63328 /* AppDelegate.m in Sources */ = {isa = PBXBuildFile; fileRef = 3E63396B162D8C3A00B63328 /* AppDelegate.m */; };
		3E63396E162D8C3A00B63328 /* Default.png in Resources */ = {isa = PBXBuildFile; fileRef = 3E63396D162D8C3A00B63328 /* Default.png */; };
		3E633970162D8C3A00B63328 /* Default@2x.png in Resources */ = {isa = PBXBuildFile; fileRef = 3E63396F162D8C3A00B63328 /* Default@2x.png */; };
		3E633972162D8C3A00B63328 /* Default-568h@2x.png in Resources */ = {isa = PBXBuildFile; fileRef = 3E633971162D8C3A00B63328 /* Default-568h@2x.png */; };
		3E63397B162D8CD500B63328 /* QueriesViewController.m in Sources */ = {isa = PBXBuildFile; fileRef = 3E63397A162D8CD500B63328 /* QueriesViewController.m */; };
		3E63397F162D8CF300B63328 /* BaseViewController.m in Sources */ = {isa = PBXBuildFile; fileRef = 3E63397E162D8CF300B63328 /* BaseViewController.m */; };
		3E633982162D8DB400B63328 /* BaseTableViewController.m in Sources */ = {isa = PBXBuildFile; fileRef = 3E633981162D8DB400B63328 /* BaseTableViewController.m */; };
		3E63398B162D91DA00B63328 /* GiveRightsOfOrientationBack.m in Sources */ = {isa = PBXBuildFile; fileRef = 3E63398A162D91DA00B63328 /* GiveRightsOfOrientationBack.m */; };
		3E633992162D958B00B63328 /* GridViewTableViewHelper.m in Sources */ = {isa = PBXBuildFile; fileRef = 3E633991162D958B00B63328 /* GridViewTableViewHelper.m */; };
		3E633995162D9F6C00B63328 /* QuartzCore.framework in Frameworks */ = {isa = PBXBuildFile; fileRef = 3E633994162D9F6C00B63328 /* QuartzCore.framework */; };
		3E8C453C16340F2300468A7E /* CallScriptImpl.m in Sources */ = {isa = PBXBuildFile; fileRef = 3E8C453B16340F2300468A7E /* CallScriptImpl.m */; };
		3E8C453F1634361500468A7E /* LuaGroupedObjectManager.m in Sources */ = {isa = PBXBuildFile; fileRef = 3E8C453E1634361400468A7E /* LuaGroupedObjectManager.m */; };
		3E8C4542163438CC00468A7E /* ObjectWrapper.m in Sources */ = {isa = PBXBuildFile; fileRef = 3E8C4541163438CB00468A7E /* ObjectWrapper.m */; };
		3E8C454516343DE700468A7E /* RuntimeImpl.m in Sources */ = {isa = PBXBuildFile; fileRef = 3E8C454416343DE600468A7E /* RuntimeImpl.m */; };
		3E8C45481634497300468A7E /* ButtonImpl.m in Sources */ = {isa = PBXBuildFile; fileRef = 3E8C45471634497200468A7E /* ButtonImpl.m */; };
		3E9D0C34163192FD00C3FDCE /* SystemUtils.m in Sources */ = {isa = PBXBuildFile; fileRef = 3E9D0C33163192FD00C3FDCE /* SystemUtils.m */; };
		3EC0BA971633B1DA0074D22B /* UnicodeChecker.m in Sources */ = {isa = PBXBuildFile; fileRef = 3EC0BA961633B1DA0074D22B /* UnicodeChecker.m */; };
		3EC0BA9D1633BA4C0074D22B /* SelfSupportChecker.m in Sources */ = {isa = PBXBuildFile; fileRef = 3EC0BA9C1633BA4C0074D22B /* SelfSupportChecker.m */; };
		3EC0BAA01633BBFD0074D22B /* ImportSupportChecker.m in Sources */ = {isa = PBXBuildFile; fileRef = 3EC0BA9F1633BBFD0074D22B /* ImportSupportChecker.m */; };
		3EC0BAA31633CB060074D22B /* ViewControllerImpl.m in Sources */ = {isa = PBXBuildFile; fileRef = 3EC0BAA21633CB060074D22B /* ViewControllerImpl.m */; };
		3EC0BAA61633E9A00074D22B /* TextFieldImpl.m in Sources */ = {isa = PBXBuildFile; fileRef = 3EC0BAA51633E9A00074D22B /* TextFieldImpl.m */; };
		3EC0BAA91633EA200074D22B /* LuaObjectManagerLegacy.m in Sources */ = {isa = PBXBuildFile; fileRef = 3EC0BAA81633EA1F0074D22B /* LuaObjectManagerLegacy.m */; };
		3EC0BAAC1633EAFD0074D22B /* EventProxy.m in Sources */ = {isa = PBXBuildFile; fileRef = 3EC0BAAB1633EAFD0074D22B /* EventProxy.m */; };
		3EC2CBC2163CCD1D00E83E10 /* Object.lua in Resources */ = {isa = PBXBuildFile; fileRef = 3EC2CBBF163CCD1D00E83E10 /* Object.lua */; };
		3EC2CBC3163CCD1D00E83E10 /* Recyclable.lua in Resources */ = {isa = PBXBuildFile; fileRef = 3EC2CBC0163CCD1D00E83E10 /* Recyclable.lua */; };
		3EC2CBC4163CCD1D00E83E10 /* Utils.lua in Resources */ = {isa = PBXBuildFile; fileRef = 3EC2CBC1163CCD1D00E83E10 /* Utils.lua */; };
		3EC2CBCE163CCD2D00E83E10 /* BarButtonItem.lua in Resources */ = {isa = PBXBuildFile; fileRef = 3EC2CBC5163CCD2C00E83E10 /* BarButtonItem.lua */; };
		3EC2CBCF163CCD2D00E83E10 /* BarButtonItemEventProxy.lua in Resources */ = {isa = PBXBuildFile; fileRef = 3EC2CBC6163CCD2C00E83E10 /* BarButtonItemEventProxy.lua */; };
		3EC2CBD0163CCD2D00E83E10 /* NavigationController.lua in Resources */ = {isa = PBXBuildFile; fileRef = 3EC2CBC7163CCD2C00E83E10 /* NavigationController.lua */; };
		3EC2CBD1163CCD2D00E83E10 /* NavigationItem.lua in Resources */ = {isa = PBXBuildFile; fileRef = 3EC2CBC8163CCD2C00E83E10 /* NavigationItem.lua */; };
		3EC2CBD2163CCD2D00E83E10 /* TableView.lua in Resources */ = {isa = PBXBuildFile; fileRef = 3EC2CBC9163CCD2C00E83E10 /* TableView.lua */; };
		3EC2CBD3163CCD2D00E83E10 /* TableViewCell.lua in Resources */ = {isa = PBXBuildFile; fileRef = 3EC2CBCA163CCD2C00E83E10 /* TableViewCell.lua */; };
		3EC2CBD4163CCD2D00E83E10 /* TableViewEventProxy.lua in Resources */ = {isa = PBXBuildFile; fileRef = 3EC2CBCB163CCD2D00E83E10 /* TableViewEventProxy.lua */; };
		3EC2CBD5163CCD2D00E83E10 /* ViewController.lua in Resources */ = {isa = PBXBuildFile; fileRef = 3EC2CBCC163CCD2D00E83E10 /* ViewController.lua */; };
		3EC2CBD6163CCD2D00E83E10 /* ViewControllerEventProxy.lua in Resources */ = {isa = PBXBuildFile; fileRef = 3EC2CBCD163CCD2D00E83E10 /* ViewControllerEventProxy.lua */; };
		3EC2CBDA163CF78B00E83E10 /* Label.lua in Resources */ = {isa = PBXBuildFile; fileRef = 3EC2CBD9163CF78B00E83E10 /* Label.lua */; };
		3EC2CBDE163CFF8600E83E10 /* View.lua in Resources */ = {isa = PBXBuildFile; fileRef = 3EC2CBDD163CFF8500E83E10 /* View.lua */; };
		3ED0C78016354F2D00A3E33F /* TableViewImpl.m in Sources */ = {isa = PBXBuildFile; fileRef = 3ED0C77F16354F2D00A3E33F /* TableViewImpl.m */; };
		3ED0C7841635502700A3E33F /* ArrayImpl.m in Sources */ = {isa = PBXBuildFile; fileRef = 3ED0C7831635502700A3E33F /* ArrayImpl.m */; };
		3ED7728A163E1E9E00E5C9A9 /* TestObject.lua in Resources */ = {isa = PBXBuildFile; fileRef = 3ED77289163E1E9E00E5C9A9 /* TestObject.lua */; };
		3ED7728C163E1EAB00E5C9A9 /* TestSubObject.lua in Resources */ = {isa = PBXBuildFile; fileRef = 3ED7728B163E1EAB00E5C9A9 /* TestSubObject.lua */; };
		3ED7728E163E25B900E5C9A9 /* TestSubSubObject.lua in Resources */ = {isa = PBXBuildFile; fileRef = 3ED7728D163E25B900E5C9A9 /* TestSubSubObject.lua */; };
		3ED77325163E2DD000E5C9A9 /* lapi.c in Sources */ = {isa = PBXBuildFile; fileRef = 3ED772F0163E2DD000E5C9A9 /* lapi.c */; };
		3ED77326163E2DD000E5C9A9 /* lauxlib.c in Sources */ = {isa = PBXBuildFile; fileRef = 3ED772F2163E2DD000E5C9A9 /* lauxlib.c */; };
		3ED77327163E2DD000E5C9A9 /* lbaselib.c in Sources */ = {isa = PBXBuildFile; fileRef = 3ED772F4163E2DD000E5C9A9 /* lbaselib.c */; };
		3ED77328163E2DD000E5C9A9 /* lcode.c in Sources */ = {isa = PBXBuildFile; fileRef = 3ED772F5163E2DD000E5C9A9 /* lcode.c */; };
		3ED77329163E2DD000E5C9A9 /* ldblib.c in Sources */ = {isa = PBXBuildFile; fileRef = 3ED772F7163E2DD000E5C9A9 /* ldblib.c */; };
		3ED7732A163E2DD000E5C9A9 /* ldebug.c in Sources */ = {isa = PBXBuildFile; fileRef = 3ED772F8163E2DD000E5C9A9 /* ldebug.c */; };
		3ED7732B163E2DD000E5C9A9 /* ldo.c in Sources */ = {isa = PBXBuildFile; fileRef = 3ED772FA163E2DD000E5C9A9 /* ldo.c */; };
		3ED7732C163E2DD000E5C9A9 /* ldump.c in Sources */ = {isa = PBXBuildFile; fileRef = 3ED772FC163E2DD000E5C9A9 /* ldump.c */; };
		3ED7732D163E2DD000E5C9A9 /* lfunc.c in Sources */ = {isa = PBXBuildFile; fileRef = 3ED772FD163E2DD000E5C9A9 /* lfunc.c */; };
		3ED7732E163E2DD000E5C9A9 /* lgc.c in Sources */ = {isa = PBXBuildFile; fileRef = 3ED772FF163E2DD000E5C9A9 /* lgc.c */; };
		3ED7732F163E2DD000E5C9A9 /* linit.c in Sources */ = {isa = PBXBuildFile; fileRef = 3ED77301163E2DD000E5C9A9 /* linit.c */; };
		3ED77330163E2DD000E5C9A9 /* liolib.c in Sources */ = {isa = PBXBuildFile; fileRef = 3ED77302163E2DD000E5C9A9 /* liolib.c */; };
		3ED77331163E2DD000E5C9A9 /* llex.c in Sources */ = {isa = PBXBuildFile; fileRef = 3ED77303163E2DD000E5C9A9 /* llex.c */; };
		3ED77332163E2DD000E5C9A9 /* lmathlib.c in Sources */ = {isa = PBXBuildFile; fileRef = 3ED77306163E2DD000E5C9A9 /* lmathlib.c */; };
		3ED77333163E2DD000E5C9A9 /* lmem.c in Sources */ = {isa = PBXBuildFile; fileRef = 3ED77307163E2DD000E5C9A9 /* lmem.c */; };
		3ED77334163E2DD000E5C9A9 /* loadlib.c in Sources */ = {isa = PBXBuildFile; fileRef = 3ED77309163E2DD000E5C9A9 /* loadlib.c */; };
		3ED77335163E2DD000E5C9A9 /* lobject.c in Sources */ = {isa = PBXBuildFile; fileRef = 3ED7730A163E2DD000E5C9A9 /* lobject.c */; };
		3ED77336163E2DD000E5C9A9 /* lopcodes.c in Sources */ = {isa = PBXBuildFile; fileRef = 3ED7730C163E2DD000E5C9A9 /* lopcodes.c */; };
		3ED77337163E2DD000E5C9A9 /* loslib.c in Sources */ = {isa = PBXBuildFile; fileRef = 3ED7730E163E2DD000E5C9A9 /* loslib.c */; };
		3ED77338163E2DD000E5C9A9 /* lparser.c in Sources */ = {isa = PBXBuildFile; fileRef = 3ED7730F163E2DD000E5C9A9 /* lparser.c */; };
		3ED77339163E2DD000E5C9A9 /* lstate.c in Sources */ = {isa = PBXBuildFile; fileRef = 3ED77311163E2DD000E5C9A9 /* lstate.c */; };
		3ED7733A163E2DD000E5C9A9 /* lstring.c in Sources */ = {isa = PBXBuildFile; fileRef = 3ED77313163E2DD000E5C9A9 /* lstring.c */; };
		3ED7733B163E2DD000E5C9A9 /* lstrlib.c in Sources */ = {isa = PBXBuildFile; fileRef = 3ED77315163E2DD000E5C9A9 /* lstrlib.c */; };
		3ED7733C163E2DD000E5C9A9 /* ltable.c in Sources */ = {isa = PBXBuildFile; fileRef = 3ED77316163E2DD000E5C9A9 /* ltable.c */; };
		3ED7733D163E2DD000E5C9A9 /* ltablib.c in Sources */ = {isa = PBXBuildFile; fileRef = 3ED77318163E2DD000E5C9A9 /* ltablib.c */; };
		3ED7733E163E2DD000E5C9A9 /* ltm.c in Sources */ = {isa = PBXBuildFile; fileRef = 3ED77319163E2DD000E5C9A9 /* ltm.c */; };
		3ED7733F163E2DD000E5C9A9 /* lundump.c in Sources */ = {isa = PBXBuildFile; fileRef = 3ED7731E163E2DD000E5C9A9 /* lundump.c */; };
		3ED77340163E2DD000E5C9A9 /* lvm.c in Sources */ = {isa = PBXBuildFile; fileRef = 3ED77320163E2DD000E5C9A9 /* lvm.c */; };
		3ED77341163E2DD000E5C9A9 /* lzio.c in Sources */ = {isa = PBXBuildFile; fileRef = 3ED77322163E2DD000E5C9A9 /* lzio.c */; };
		3ED77342163E2DD000E5C9A9 /* print.c in Sources */ = {isa = PBXBuildFile; fileRef = 3ED77324163E2DD000E5C9A9 /* print.c */; };
		3EE36D6A16324B9000BB5D02 /* UnicodeScriptInvokeFilter.m in Sources */ = {isa = PBXBuildFile; fileRef = 3EE36D6916324B9000BB5D02 /* UnicodeScriptInvokeFilter.m */; };
		3EE36D6D163255FB00BB5D02 /* LuaFunctions.m in Sources */ = {isa = PBXBuildFile; fileRef = 3EE36D6C163255FB00BB5D02 /* LuaFunctions.m */; };
		3EE36D711632AA7F00BB5D02 /* HTTPRequestImpl.m in Sources */ = {isa = PBXBuildFile; fileRef = 3EE36D701632AA7F00BB5D02 /* HTTPRequestImpl.m */; };
		3EE36D781632B2CE00BB5D02 /* LuaApplication.m in Sources */ = {isa = PBXBuildFile; fileRef = 3EE36D771632B2CE00BB5D02 /* LuaApplication.m */; };
		3EE3B2A21631987F00C77F85 /* MemoryTracer.m in Sources */ = {isa = PBXBuildFile; fileRef = 3EE3B2A11631987F00C77F85 /* MemoryTracer.m */; };
		3EE3B2AC1631B58200C77F85 /* Toast.m in Sources */ = {isa = PBXBuildFile; fileRef = 3EE3B2AB1631B58200C77F85 /* Toast.m */; };
		3EE3B2BD1631B5DA00C77F85 /* CodeUtils.m in Sources */ = {isa = PBXBuildFile; fileRef = 3EE3B2AE1631B5DA00C77F85 /* CodeUtils.m */; };
		3EE3B2BE1631B5DA00C77F85 /* CommonUtils.m in Sources */ = {isa = PBXBuildFile; fileRef = 3EE3B2B01631B5DA00C77F85 /* CommonUtils.m */; };
		3EE3B2BF1631B5DA00C77F85 /* DelayController.m in Sources */ = {isa = PBXBuildFile; fileRef = 3EE3B2B21631B5DA00C77F85 /* DelayController.m */; };
		3EE3B2C01631B5DA00C77F85 /* KeyboardState.m in Sources */ = {isa = PBXBuildFile; fileRef = 3EE3B2B41631B5DA00C77F85 /* KeyboardState.m */; };
		3EE3B2C11631B5DA00C77F85 /* Singleton.m in Sources */ = {isa = PBXBuildFile; fileRef = 3EE3B2B61631B5DA00C77F85 /* Singleton.m */; };
		3EE3B2C21631B5DA00C77F85 /* TaskQueue.m in Sources */ = {isa = PBXBuildFile; fileRef = 3EE3B2B81631B5DA00C77F85 /* TaskQueue.m */; };
		3EE3B2C31631B5DA00C77F85 /* Timer.m in Sources */ = {isa = PBXBuildFile; fileRef = 3EE3B2BA1631B5DA00C77F85 /* Timer.m */; };
		3EE3B2C41631B5DA00C77F85 /* DialogTools.m in Sources */ = {isa = PBXBuildFile; fileRef = 3EE3B2BC1631B5DA00C77F85 /* DialogTools.m */; };
		3EE3B2CD1631B64D00C77F85 /* DataBaseKeyValueManager.m in Sources */ = {isa = PBXBuildFile; fileRef = 3EE3B2CB1631B64D00C77F85 /* DataBaseKeyValueManager.m */; };
		3EE3B2CF1631B67300C77F85 /* libsqlite3.dylib in Frameworks */ = {isa = PBXBuildFile; fileRef = 3EE3B2CE1631B67300C77F85 /* libsqlite3.dylib */; };
		3EE3B32D163235E800C77F85 /* LuaScriptInteraction.m in Sources */ = {isa = PBXBuildFile; fileRef = 3EE3B32C163235E800C77F85 /* LuaScriptInteraction.m */; };
		3EF86915163ACC1700E41ED6 /* MethodInvokerForLua.m in Sources */ = {isa = PBXBuildFile; fileRef = 3EF86914163ACC1700E41ED6 /* MethodInvokerForLua.m */; };
/* End PBXBuildFile section */

/* Begin PBXFileReference section */
		3E0359331635322B0051DABA /* WebViewImpl.h */ = {isa = PBXFileReference; fileEncoding = 4; lastKnownFileType = sourcecode.c.h; path = WebViewImpl.h; sourceTree = "<group>"; };
		3E0359341635322B0051DABA /* WebViewImpl.m */ = {isa = PBXFileReference; fileEncoding = 4; lastKnownFileType = sourcecode.c.objc; path = WebViewImpl.m; sourceTree = "<group>"; };
		3E06D5AC1632C2490013DCF7 /* LuaInvoker.h */ = {isa = PBXFileReference; fileEncoding = 4; lastKnownFileType = sourcecode.c.h; path = LuaInvoker.h; sourceTree = "<group>"; };
		3E06D5AD1632C2490013DCF7 /* LuaInvoker.m */ = {isa = PBXFileReference; fileEncoding = 4; lastKnownFileType = sourcecode.c.objc; path = LuaInvoker.m; sourceTree = "<group>"; };
		3E06D5B01632C94A0013DCF7 /* UIRelatedImpl.h */ = {isa = PBXFileReference; fileEncoding = 4; lastKnownFileType = sourcecode.c.h; path = UIRelatedImpl.h; sourceTree = "<group>"; };
		3E06D5B11632C94A0013DCF7 /* UIRelatedImpl.m */ = {isa = PBXFileReference; fileEncoding = 4; lastKnownFileType = sourcecode.c.objc; path = UIRelatedImpl.m; sourceTree = "<group>"; };
		3E06D5BB1632E1D80013DCF7 /* HTTPGetRequest.h */ = {isa = PBXFileReference; fileEncoding = 4; lastKnownFileType = sourcecode.c.h; path = HTTPGetRequest.h; sourceTree = "<group>"; };
		3E06D5C01632E2880013DCF7 /* ProviderPool.h */ = {isa = PBXFileReference; fileEncoding = 4; lastKnownFileType = sourcecode.c.h; path = ProviderPool.h; sourceTree = "<group>"; };
		3E06D5C11632E2880013DCF7 /* ProviderPool.m */ = {isa = PBXFileReference; fileEncoding = 4; lastKnownFileType = sourcecode.c.objc; path = ProviderPool.m; sourceTree = "<group>"; };
		3E06D5C31632E3650013DCF7 /* HTTPRequest.h */ = {isa = PBXFileReference; fileEncoding = 4; lastKnownFileType = sourcecode.c.h; path = HTTPRequest.h; sourceTree = "<group>"; };
		3E06D5C41632E3650013DCF7 /* HTTPRequest.m */ = {isa = PBXFileReference; fileEncoding = 4; lastKnownFileType = sourcecode.c.objc; path = HTTPRequest.m; sourceTree = "<group>"; };
		3E094F001634E469006F90A9 /* RTProperty.h */ = {isa = PBXFileReference; fileEncoding = 4; lastKnownFileType = sourcecode.c.h; path = RTProperty.h; sourceTree = "<group>"; };
		3E094F011634E469006F90A9 /* RTProperty.m */ = {isa = PBXFileReference; fileEncoding = 4; lastKnownFileType = sourcecode.c.objc; path = RTProperty.m; sourceTree = "<group>"; };
		3E094F021634E469006F90A9 /* RuntimeUtils.h */ = {isa = PBXFileReference; fileEncoding = 4; lastKnownFileType = sourcecode.c.h; path = RuntimeUtils.h; sourceTree = "<group>"; };
		3E094F031634E469006F90A9 /* RuntimeUtils.m */ = {isa = PBXFileReference; fileEncoding = 4; lastKnownFileType = sourcecode.c.objc; path = RuntimeUtils.m; sourceTree = "<group>"; };
		3E094F0A1634F145006F90A9 /* LabelImpl.h */ = {isa = PBXFileReference; fileEncoding = 4; lastKnownFileType = sourcecode.c.h; path = LabelImpl.h; sourceTree = "<group>"; };
		3E094F0B1634F145006F90A9 /* LabelImpl.m */ = {isa = PBXFileReference; fileEncoding = 4; lastKnownFileType = sourcecode.c.objc; path = LabelImpl.m; sourceTree = "<group>"; };
		3E094F1516351530006F90A9 /* NavigationControllerImpl.h */ = {isa = PBXFileReference; fileEncoding = 4; lastKnownFileType = sourcecode.c.h; path = NavigationControllerImpl.h; sourceTree = "<group>"; };
		3E094F1616351531006F90A9 /* NavigationControllerImpl.m */ = {isa = PBXFileReference; fileEncoding = 4; lastKnownFileType = sourcecode.c.objc; path = NavigationControllerImpl.m; sourceTree = "<group>"; };
		3E094F1816351CEA006F90A9 /* PrefixGrammarChecker.h */ = {isa = PBXFileReference; fileEncoding = 4; lastKnownFileType = sourcecode.c.h; path = PrefixGrammarChecker.h; sourceTree = "<group>"; };
		3E094F1916351CEA006F90A9 /* PrefixGrammarChecker.m */ = {isa = PBXFileReference; fileEncoding = 4; lastKnownFileType = sourcecode.c.objc; path = PrefixGrammarChecker.m; sourceTree = "<group>"; };
		3E45B9A8163A893800E19133 /* UIKit.lua */ = {isa = PBXFileReference; fileEncoding = 4; lastKnownFileType = text; name = UIKit.lua; path = scripts/UIKit.lua; sourceTree = "<group>"; };
		3E45B9AB163A896F00E19133 /* doc.txt */ = {isa = PBXFileReference; fileEncoding = 4; lastKnownFileType = text; name = doc.txt; path = scripts/doc.txt; sourceTree = "<group>"; };
		3E45B9AC163A896F00E19133 /* main.lua */ = {isa = PBXFileReference; fileEncoding = 4; lastKnownFileType = text; name = main.lua; path = scripts/main.lua; sourceTree = "<group>"; };
		3E4EBD221636FDC700629387 /* UIBarButtonItemImpl.h */ = {isa = PBXFileReference; fileEncoding = 4; lastKnownFileType = sourcecode.c.h; path = UIBarButtonItemImpl.h; sourceTree = "<group>"; };
		3E4EBD231636FDC900629387 /* UIBarButtonItemImpl.m */ = {isa = PBXFileReference; fileEncoding = 4; lastKnownFileType = sourcecode.c.objc; path = UIBarButtonItemImpl.m; sourceTree = "<group>"; };
		3E4EBD27163814BC00629387 /* DotGrammarChecker.h */ = {isa = PBXFileReference; fileEncoding = 4; lastKnownFileType = sourcecode.c.h; path = DotGrammarChecker.h; sourceTree = "<group>"; };
		3E4EBD28163814BD00629387 /* DotGrammarChecker.m */ = {isa = PBXFileReference; fileEncoding = 4; lastKnownFileType = sourcecode.c.objc; path = DotGrammarChecker.m; sourceTree = "<group>"; };
		3E633957162D8C3900B63328 /* Queries.app */ = {isa = PBXFileReference; explicitFileType = wrapper.application; includeInIndex = 0; path = Queries.app; sourceTree = BUILT_PRODUCTS_DIR; };
		3E63395B162D8C3900B63328 /* UIKit.framework */ = {isa = PBXFileReference; lastKnownFileType = wrapper.framework; name = UIKit.framework; path = System/Library/Frameworks/UIKit.framework; sourceTree = SDKROOT; };
		3E63395D162D8C3900B63328 /* Foundation.framework */ = {isa = PBXFileReference; lastKnownFileType = wrapper.framework; name = Foundation.framework; path = System/Library/Frameworks/Foundation.framework; sourceTree = SDKROOT; };
		3E63395F162D8C3900B63328 /* CoreGraphics.framework */ = {isa = PBXFileReference; lastKnownFileType = wrapper.framework; name = CoreGraphics.framework; path = System/Library/Frameworks/CoreGraphics.framework; sourceTree = SDKROOT; };
		3E633963162D8C3900B63328 /* Queries-Info.plist */ = {isa = PBXFileReference; lastKnownFileType = text.plist.xml; path = "Queries-Info.plist"; sourceTree = "<group>"; };
		3E633965162D8C3900B63328 /* en */ = {isa = PBXFileReference; lastKnownFileType = text.plist.strings; name = en; path = en.lproj/InfoPlist.strings; sourceTree = "<group>"; };
		3E633967162D8C3900B63328 /* main.m */ = {isa = PBXFileReference; lastKnownFileType = sourcecode.c.objc; path = main.m; sourceTree = "<group>"; };
		3E633969162D8C3900B63328 /* Queries-Prefix.pch */ = {isa = PBXFileReference; lastKnownFileType = sourcecode.c.h; path = "Queries-Prefix.pch"; sourceTree = "<group>"; };
		3E63396A162D8C3900B63328 /* AppDelegate.h */ = {isa = PBXFileReference; lastKnownFileType = sourcecode.c.h; path = AppDelegate.h; sourceTree = "<group>"; };
		3E63396B162D8C3A00B63328 /* AppDelegate.m */ = {isa = PBXFileReference; lastKnownFileType = sourcecode.c.objc; path = AppDelegate.m; sourceTree = "<group>"; };
		3E63396D162D8C3A00B63328 /* Default.png */ = {isa = PBXFileReference; lastKnownFileType = image.png; path = Default.png; sourceTree = "<group>"; };
		3E63396F162D8C3A00B63328 /* Default@2x.png */ = {isa = PBXFileReference; lastKnownFileType = image.png; path = "Default@2x.png"; sourceTree = "<group>"; };
		3E633971162D8C3A00B63328 /* Default-568h@2x.png */ = {isa = PBXFileReference; lastKnownFileType = image.png; path = "Default-568h@2x.png"; sourceTree = "<group>"; };
		3E633979162D8CD500B63328 /* QueriesViewController.h */ = {isa = PBXFileReference; fileEncoding = 4; lastKnownFileType = sourcecode.c.h; path = QueriesViewController.h; sourceTree = "<group>"; };
		3E63397A162D8CD500B63328 /* QueriesViewController.m */ = {isa = PBXFileReference; fileEncoding = 4; lastKnownFileType = sourcecode.c.objc; path = QueriesViewController.m; sourceTree = "<group>"; };
		3E63397D162D8CF300B63328 /* BaseViewController.h */ = {isa = PBXFileReference; fileEncoding = 4; lastKnownFileType = sourcecode.c.h; path = BaseViewController.h; sourceTree = "<group>"; };
		3E63397E162D8CF300B63328 /* BaseViewController.m */ = {isa = PBXFileReference; fileEncoding = 4; lastKnownFileType = sourcecode.c.objc; path = BaseViewController.m; sourceTree = "<group>"; };
		3E633980162D8DB400B63328 /* BaseTableViewController.h */ = {isa = PBXFileReference; fileEncoding = 4; lastKnownFileType = sourcecode.c.h; path = BaseTableViewController.h; sourceTree = "<group>"; };
		3E633981162D8DB400B63328 /* BaseTableViewController.m */ = {isa = PBXFileReference; fileEncoding = 4; lastKnownFileType = sourcecode.c.objc; path = BaseTableViewController.m; sourceTree = "<group>"; };
		3E633989162D91DA00B63328 /* GiveRightsOfOrientationBack.h */ = {isa = PBXFileReference; fileEncoding = 4; lastKnownFileType = sourcecode.c.h; path = GiveRightsOfOrientationBack.h; sourceTree = "<group>"; };
		3E63398A162D91DA00B63328 /* GiveRightsOfOrientationBack.m */ = {isa = PBXFileReference; fileEncoding = 4; lastKnownFileType = sourcecode.c.objc; path = GiveRightsOfOrientationBack.m; sourceTree = "<group>"; };
		3E633990162D958B00B63328 /* GridViewTableViewHelper.h */ = {isa = PBXFileReference; fileEncoding = 4; lastKnownFileType = sourcecode.c.h; path = GridViewTableViewHelper.h; sourceTree = "<group>"; };
		3E633991162D958B00B63328 /* GridViewTableViewHelper.m */ = {isa = PBXFileReference; fileEncoding = 4; lastKnownFileType = sourcecode.c.objc; path = GridViewTableViewHelper.m; sourceTree = "<group>"; };
		3E633994162D9F6C00B63328 /* QuartzCore.framework */ = {isa = PBXFileReference; lastKnownFileType = wrapper.framework; name = QuartzCore.framework; path = System/Library/Frameworks/QuartzCore.framework; sourceTree = SDKROOT; };
		3E8C453A16340F2300468A7E /* CallScriptImpl.h */ = {isa = PBXFileReference; fileEncoding = 4; lastKnownFileType = sourcecode.c.h; path = CallScriptImpl.h; sourceTree = "<group>"; };
		3E8C453B16340F2300468A7E /* CallScriptImpl.m */ = {isa = PBXFileReference; fileEncoding = 4; lastKnownFileType = sourcecode.c.objc; path = CallScriptImpl.m; sourceTree = "<group>"; };
		3E8C453D1634361400468A7E /* LuaGroupedObjectManager.h */ = {isa = PBXFileReference; fileEncoding = 4; lastKnownFileType = sourcecode.c.h; path = LuaGroupedObjectManager.h; sourceTree = "<group>"; };
		3E8C453E1634361400468A7E /* LuaGroupedObjectManager.m */ = {isa = PBXFileReference; fileEncoding = 4; lastKnownFileType = sourcecode.c.objc; path = LuaGroupedObjectManager.m; sourceTree = "<group>"; };
		3E8C4540163438CB00468A7E /* ObjectWrapper.h */ = {isa = PBXFileReference; fileEncoding = 4; lastKnownFileType = sourcecode.c.h; path = ObjectWrapper.h; sourceTree = "<group>"; };
		3E8C4541163438CB00468A7E /* ObjectWrapper.m */ = {isa = PBXFileReference; fileEncoding = 4; lastKnownFileType = sourcecode.c.objc; path = ObjectWrapper.m; sourceTree = "<group>"; };
		3E8C454316343DE600468A7E /* RuntimeImpl.h */ = {isa = PBXFileReference; fileEncoding = 4; lastKnownFileType = sourcecode.c.h; path = RuntimeImpl.h; sourceTree = "<group>"; };
		3E8C454416343DE600468A7E /* RuntimeImpl.m */ = {isa = PBXFileReference; fileEncoding = 4; lastKnownFileType = sourcecode.c.objc; path = RuntimeImpl.m; sourceTree = "<group>"; };
		3E8C45461634497200468A7E /* ButtonImpl.h */ = {isa = PBXFileReference; fileEncoding = 4; lastKnownFileType = sourcecode.c.h; path = ButtonImpl.h; sourceTree = "<group>"; };
		3E8C45471634497200468A7E /* ButtonImpl.m */ = {isa = PBXFileReference; fileEncoding = 4; lastKnownFileType = sourcecode.c.objc; path = ButtonImpl.m; sourceTree = "<group>"; };
		3E9D0C32163192FD00C3FDCE /* SystemUtils.h */ = {isa = PBXFileReference; fileEncoding = 4; lastKnownFileType = sourcecode.c.h; path = SystemUtils.h; sourceTree = "<group>"; };
		3E9D0C33163192FD00C3FDCE /* SystemUtils.m */ = {isa = PBXFileReference; fileEncoding = 4; lastKnownFileType = sourcecode.c.objc; path = SystemUtils.m; sourceTree = "<group>"; };
		3EC0BA8F1633AB2C0074D22B /* LuaConstants.h */ = {isa = PBXFileReference; fileEncoding = 4; lastKnownFileType = sourcecode.c.h; path = LuaConstants.h; sourceTree = "<group>"; };
		3EC0BA931633B17E0074D22B /* LuaScriptChecker.h */ = {isa = PBXFileReference; fileEncoding = 4; lastKnownFileType = sourcecode.c.h; path = LuaScriptChecker.h; sourceTree = "<group>"; };
		3EC0BA951633B1DA0074D22B /* UnicodeChecker.h */ = {isa = PBXFileReference; fileEncoding = 4; lastKnownFileType = sourcecode.c.h; path = UnicodeChecker.h; sourceTree = "<group>"; };
		3EC0BA961633B1DA0074D22B /* UnicodeChecker.m */ = {isa = PBXFileReference; fileEncoding = 4; lastKnownFileType = sourcecode.c.objc; path = UnicodeChecker.m; sourceTree = "<group>"; };
		3EC0BA9B1633BA4C0074D22B /* SelfSupportChecker.h */ = {isa = PBXFileReference; fileEncoding = 4; lastKnownFileType = sourcecode.c.h; path = SelfSupportChecker.h; sourceTree = "<group>"; };
		3EC0BA9C1633BA4C0074D22B /* SelfSupportChecker.m */ = {isa = PBXFileReference; fileEncoding = 4; lastKnownFileType = sourcecode.c.objc; path = SelfSupportChecker.m; sourceTree = "<group>"; };
		3EC0BA9E1633BBFD0074D22B /* ImportSupportChecker.h */ = {isa = PBXFileReference; fileEncoding = 4; lastKnownFileType = sourcecode.c.h; path = ImportSupportChecker.h; sourceTree = "<group>"; };
		3EC0BA9F1633BBFD0074D22B /* ImportSupportChecker.m */ = {isa = PBXFileReference; fileEncoding = 4; lastKnownFileType = sourcecode.c.objc; path = ImportSupportChecker.m; sourceTree = "<group>"; };
		3EC0BAA11633CB060074D22B /* ViewControllerImpl.h */ = {isa = PBXFileReference; fileEncoding = 4; lastKnownFileType = sourcecode.c.h; path = ViewControllerImpl.h; sourceTree = "<group>"; };
		3EC0BAA21633CB060074D22B /* ViewControllerImpl.m */ = {isa = PBXFileReference; fileEncoding = 4; lastKnownFileType = sourcecode.c.objc; path = ViewControllerImpl.m; sourceTree = "<group>"; };
		3EC0BAA41633E99F0074D22B /* TextFieldImpl.h */ = {isa = PBXFileReference; fileEncoding = 4; lastKnownFileType = sourcecode.c.h; path = TextFieldImpl.h; sourceTree = "<group>"; };
		3EC0BAA51633E9A00074D22B /* TextFieldImpl.m */ = {isa = PBXFileReference; fileEncoding = 4; lastKnownFileType = sourcecode.c.objc; path = TextFieldImpl.m; sourceTree = "<group>"; };
		3EC0BAA71633EA1F0074D22B /* LuaObjectManagerLegacy.h */ = {isa = PBXFileReference; fileEncoding = 4; lastKnownFileType = sourcecode.c.h; path = LuaObjectManagerLegacy.h; sourceTree = "<group>"; };
		3EC0BAA81633EA1F0074D22B /* LuaObjectManagerLegacy.m */ = {isa = PBXFileReference; fileEncoding = 4; lastKnownFileType = sourcecode.c.objc; path = LuaObjectManagerLegacy.m; sourceTree = "<group>"; };
		3EC0BAAA1633EAFC0074D22B /* EventProxy.h */ = {isa = PBXFileReference; fileEncoding = 4; lastKnownFileType = sourcecode.c.h; path = EventProxy.h; sourceTree = "<group>"; };
		3EC0BAAB1633EAFD0074D22B /* EventProxy.m */ = {isa = PBXFileReference; fileEncoding = 4; lastKnownFileType = sourcecode.c.objc; path = EventProxy.m; sourceTree = "<group>"; };
		3EC2CBBF163CCD1D00E83E10 /* Object.lua */ = {isa = PBXFileReference; fileEncoding = 4; lastKnownFileType = text; name = Object.lua; path = scripts/Object.lua; sourceTree = "<group>"; };
		3EC2CBC0163CCD1D00E83E10 /* Recyclable.lua */ = {isa = PBXFileReference; fileEncoding = 4; lastKnownFileType = text; name = Recyclable.lua; path = scripts/Recyclable.lua; sourceTree = "<group>"; };
		3EC2CBC1163CCD1D00E83E10 /* Utils.lua */ = {isa = PBXFileReference; fileEncoding = 4; lastKnownFileType = text; name = Utils.lua; path = scripts/Utils.lua; sourceTree = "<group>"; };
		3EC2CBC5163CCD2C00E83E10 /* BarButtonItem.lua */ = {isa = PBXFileReference; fileEncoding = 4; lastKnownFileType = text; name = BarButtonItem.lua; path = scripts/BarButtonItem.lua; sourceTree = "<group>"; };
		3EC2CBC6163CCD2C00E83E10 /* BarButtonItemEventProxy.lua */ = {isa = PBXFileReference; fileEncoding = 4; lastKnownFileType = text; name = BarButtonItemEventProxy.lua; path = scripts/BarButtonItemEventProxy.lua; sourceTree = "<group>"; };
		3EC2CBC7163CCD2C00E83E10 /* NavigationController.lua */ = {isa = PBXFileReference; fileEncoding = 4; lastKnownFileType = text; name = NavigationController.lua; path = scripts/NavigationController.lua; sourceTree = "<group>"; };
		3EC2CBC8163CCD2C00E83E10 /* NavigationItem.lua */ = {isa = PBXFileReference; fileEncoding = 4; lastKnownFileType = text; name = NavigationItem.lua; path = scripts/NavigationItem.lua; sourceTree = "<group>"; };
		3EC2CBC9163CCD2C00E83E10 /* TableView.lua */ = {isa = PBXFileReference; fileEncoding = 4; lastKnownFileType = text; name = TableView.lua; path = scripts/TableView.lua; sourceTree = "<group>"; };
		3EC2CBCA163CCD2C00E83E10 /* TableViewCell.lua */ = {isa = PBXFileReference; fileEncoding = 4; lastKnownFileType = text; name = TableViewCell.lua; path = scripts/TableViewCell.lua; sourceTree = "<group>"; };
		3EC2CBCB163CCD2D00E83E10 /* TableViewEventProxy.lua */ = {isa = PBXFileReference; fileEncoding = 4; lastKnownFileType = text; name = TableViewEventProxy.lua; path = scripts/TableViewEventProxy.lua; sourceTree = "<group>"; };
		3EC2CBCC163CCD2D00E83E10 /* ViewController.lua */ = {isa = PBXFileReference; fileEncoding = 4; lastKnownFileType = text; name = ViewController.lua; path = scripts/ViewController.lua; sourceTree = "<group>"; };
		3EC2CBCD163CCD2D00E83E10 /* ViewControllerEventProxy.lua */ = {isa = PBXFileReference; fileEncoding = 4; lastKnownFileType = text; name = ViewControllerEventProxy.lua; path = scripts/ViewControllerEventProxy.lua; sourceTree = "<group>"; };
		3EC2CBD9163CF78B00E83E10 /* Label.lua */ = {isa = PBXFileReference; fileEncoding = 4; lastKnownFileType = text; name = Label.lua; path = scripts/Label.lua; sourceTree = "<group>"; };
		3EC2CBDD163CFF8500E83E10 /* View.lua */ = {isa = PBXFileReference; fileEncoding = 4; lastKnownFileType = text; name = View.lua; path = scripts/View.lua; sourceTree = "<group>"; };
		3ED0C77E16354F2D00A3E33F /* TableViewImpl.h */ = {isa = PBXFileReference; fileEncoding = 4; lastKnownFileType = sourcecode.c.h; path = TableViewImpl.h; sourceTree = "<group>"; };
		3ED0C77F16354F2D00A3E33F /* TableViewImpl.m */ = {isa = PBXFileReference; fileEncoding = 4; lastKnownFileType = sourcecode.c.objc; path = TableViewImpl.m; sourceTree = "<group>"; };
		3ED0C7821635502700A3E33F /* ArrayImpl.h */ = {isa = PBXFileReference; fileEncoding = 4; lastKnownFileType = sourcecode.c.h; path = ArrayImpl.h; sourceTree = "<group>"; };
		3ED0C7831635502700A3E33F /* ArrayImpl.m */ = {isa = PBXFileReference; fileEncoding = 4; lastKnownFileType = sourcecode.c.objc; path = ArrayImpl.m; sourceTree = "<group>"; };
		3ED77289163E1E9E00E5C9A9 /* TestObject.lua */ = {isa = PBXFileReference; fileEncoding = 4; lastKnownFileType = text; name = TestObject.lua; path = scripts/TestObject.lua; sourceTree = "<group>"; };
		3ED7728B163E1EAB00E5C9A9 /* TestSubObject.lua */ = {isa = PBXFileReference; fileEncoding = 4; lastKnownFileType = text; name = TestSubObject.lua; path = scripts/TestSubObject.lua; sourceTree = "<group>"; };
		3ED7728D163E25B900E5C9A9 /* TestSubSubObject.lua */ = {isa = PBXFileReference; fileEncoding = 4; lastKnownFileType = text; name = TestSubSubObject.lua; path = scripts/TestSubSubObject.lua; sourceTree = "<group>"; };
		3ED772F0163E2DD000E5C9A9 /* lapi.c */ = {isa = PBXFileReference; fileEncoding = 4; lastKnownFileType = sourcecode.c.c; path = lapi.c; sourceTree = "<group>"; };
		3ED772F1163E2DD000E5C9A9 /* lapi.h */ = {isa = PBXFileReference; fileEncoding = 4; lastKnownFileType = sourcecode.c.h; path = lapi.h; sourceTree = "<group>"; };
		3ED772F2163E2DD000E5C9A9 /* lauxlib.c */ = {isa = PBXFileReference; fileEncoding = 4; lastKnownFileType = sourcecode.c.c; path = lauxlib.c; sourceTree = "<group>"; };
		3ED772F3163E2DD000E5C9A9 /* lauxlib.h */ = {isa = PBXFileReference; fileEncoding = 4; lastKnownFileType = sourcecode.c.h; path = lauxlib.h; sourceTree = "<group>"; };
		3ED772F4163E2DD000E5C9A9 /* lbaselib.c */ = {isa = PBXFileReference; fileEncoding = 4; lastKnownFileType = sourcecode.c.c; path = lbaselib.c; sourceTree = "<group>"; };
		3ED772F5163E2DD000E5C9A9 /* lcode.c */ = {isa = PBXFileReference; fileEncoding = 4; lastKnownFileType = sourcecode.c.c; path = lcode.c; sourceTree = "<group>"; };
		3ED772F6163E2DD000E5C9A9 /* lcode.h */ = {isa = PBXFileReference; fileEncoding = 4; lastKnownFileType = sourcecode.c.h; path = lcode.h; sourceTree = "<group>"; };
		3ED772F7163E2DD000E5C9A9 /* ldblib.c */ = {isa = PBXFileReference; fileEncoding = 4; lastKnownFileType = sourcecode.c.c; path = ldblib.c; sourceTree = "<group>"; };
		3ED772F8163E2DD000E5C9A9 /* ldebug.c */ = {isa = PBXFileReference; fileEncoding = 4; lastKnownFileType = sourcecode.c.c; path = ldebug.c; sourceTree = "<group>"; };
		3ED772F9163E2DD000E5C9A9 /* ldebug.h */ = {isa = PBXFileReference; fileEncoding = 4; lastKnownFileType = sourcecode.c.h; path = ldebug.h; sourceTree = "<group>"; };
		3ED772FA163E2DD000E5C9A9 /* ldo.c */ = {isa = PBXFileReference; fileEncoding = 4; lastKnownFileType = sourcecode.c.c; path = ldo.c; sourceTree = "<group>"; };
		3ED772FB163E2DD000E5C9A9 /* ldo.h */ = {isa = PBXFileReference; fileEncoding = 4; lastKnownFileType = sourcecode.c.h; path = ldo.h; sourceTree = "<group>"; };
		3ED772FC163E2DD000E5C9A9 /* ldump.c */ = {isa = PBXFileReference; fileEncoding = 4; lastKnownFileType = sourcecode.c.c; path = ldump.c; sourceTree = "<group>"; };
		3ED772FD163E2DD000E5C9A9 /* lfunc.c */ = {isa = PBXFileReference; fileEncoding = 4; lastKnownFileType = sourcecode.c.c; path = lfunc.c; sourceTree = "<group>"; };
		3ED772FE163E2DD000E5C9A9 /* lfunc.h */ = {isa = PBXFileReference; fileEncoding = 4; lastKnownFileType = sourcecode.c.h; path = lfunc.h; sourceTree = "<group>"; };
		3ED772FF163E2DD000E5C9A9 /* lgc.c */ = {isa = PBXFileReference; fileEncoding = 4; lastKnownFileType = sourcecode.c.c; path = lgc.c; sourceTree = "<group>"; };
		3ED77300163E2DD000E5C9A9 /* lgc.h */ = {isa = PBXFileReference; fileEncoding = 4; lastKnownFileType = sourcecode.c.h; path = lgc.h; sourceTree = "<group>"; };
		3ED77301163E2DD000E5C9A9 /* linit.c */ = {isa = PBXFileReference; fileEncoding = 4; lastKnownFileType = sourcecode.c.c; path = linit.c; sourceTree = "<group>"; };
		3ED77302163E2DD000E5C9A9 /* liolib.c */ = {isa = PBXFileReference; fileEncoding = 4; lastKnownFileType = sourcecode.c.c; path = liolib.c; sourceTree = "<group>"; };
		3ED77303163E2DD000E5C9A9 /* llex.c */ = {isa = PBXFileReference; fileEncoding = 4; lastKnownFileType = sourcecode.c.c; path = llex.c; sourceTree = "<group>"; };
		3ED77304163E2DD000E5C9A9 /* llex.h */ = {isa = PBXFileReference; fileEncoding = 4; lastKnownFileType = sourcecode.c.h; path = llex.h; sourceTree = "<group>"; };
		3ED77305163E2DD000E5C9A9 /* llimits.h */ = {isa = PBXFileReference; fileEncoding = 4; lastKnownFileType = sourcecode.c.h; path = llimits.h; sourceTree = "<group>"; };
		3ED77306163E2DD000E5C9A9 /* lmathlib.c */ = {isa = PBXFileReference; fileEncoding = 4; lastKnownFileType = sourcecode.c.c; path = lmathlib.c; sourceTree = "<group>"; };
		3ED77307163E2DD000E5C9A9 /* lmem.c */ = {isa = PBXFileReference; fileEncoding = 4; lastKnownFileType = sourcecode.c.c; path = lmem.c; sourceTree = "<group>"; };
		3ED77308163E2DD000E5C9A9 /* lmem.h */ = {isa = PBXFileReference; fileEncoding = 4; lastKnownFileType = sourcecode.c.h; path = lmem.h; sourceTree = "<group>"; };
		3ED77309163E2DD000E5C9A9 /* loadlib.c */ = {isa = PBXFileReference; fileEncoding = 4; lastKnownFileType = sourcecode.c.c; path = loadlib.c; sourceTree = "<group>"; };
		3ED7730A163E2DD000E5C9A9 /* lobject.c */ = {isa = PBXFileReference; fileEncoding = 4; lastKnownFileType = sourcecode.c.c; path = lobject.c; sourceTree = "<group>"; };
		3ED7730B163E2DD000E5C9A9 /* lobject.h */ = {isa = PBXFileReference; fileEncoding = 4; lastKnownFileType = sourcecode.c.h; path = lobject.h; sourceTree = "<group>"; };
		3ED7730C163E2DD000E5C9A9 /* lopcodes.c */ = {isa = PBXFileReference; fileEncoding = 4; lastKnownFileType = sourcecode.c.c; path = lopcodes.c; sourceTree = "<group>"; };
		3ED7730D163E2DD000E5C9A9 /* lopcodes.h */ = {isa = PBXFileReference; fileEncoding = 4; lastKnownFileType = sourcecode.c.h; path = lopcodes.h; sourceTree = "<group>"; };
		3ED7730E163E2DD000E5C9A9 /* loslib.c */ = {isa = PBXFileReference; fileEncoding = 4; lastKnownFileType = sourcecode.c.c; path = loslib.c; sourceTree = "<group>"; };
		3ED7730F163E2DD000E5C9A9 /* lparser.c */ = {isa = PBXFileReference; fileEncoding = 4; lastKnownFileType = sourcecode.c.c; path = lparser.c; sourceTree = "<group>"; };
		3ED77310163E2DD000E5C9A9 /* lparser.h */ = {isa = PBXFileReference; fileEncoding = 4; lastKnownFileType = sourcecode.c.h; path = lparser.h; sourceTree = "<group>"; };
		3ED77311163E2DD000E5C9A9 /* lstate.c */ = {isa = PBXFileReference; fileEncoding = 4; lastKnownFileType = sourcecode.c.c; path = lstate.c; sourceTree = "<group>"; };
		3ED77312163E2DD000E5C9A9 /* lstate.h */ = {isa = PBXFileReference; fileEncoding = 4; lastKnownFileType = sourcecode.c.h; path = lstate.h; sourceTree = "<group>"; };
		3ED77313163E2DD000E5C9A9 /* lstring.c */ = {isa = PBXFileReference; fileEncoding = 4; lastKnownFileType = sourcecode.c.c; path = lstring.c; sourceTree = "<group>"; };
		3ED77314163E2DD000E5C9A9 /* lstring.h */ = {isa = PBXFileReference; fileEncoding = 4; lastKnownFileType = sourcecode.c.h; path = lstring.h; sourceTree = "<group>"; };
		3ED77315163E2DD000E5C9A9 /* lstrlib.c */ = {isa = PBXFileReference; fileEncoding = 4; lastKnownFileType = sourcecode.c.c; path = lstrlib.c; sourceTree = "<group>"; };
		3ED77316163E2DD000E5C9A9 /* ltable.c */ = {isa = PBXFileReference; fileEncoding = 4; lastKnownFileType = sourcecode.c.c; path = ltable.c; sourceTree = "<group>"; };
		3ED77317163E2DD000E5C9A9 /* ltable.h */ = {isa = PBXFileReference; fileEncoding = 4; lastKnownFileType = sourcecode.c.h; path = ltable.h; sourceTree = "<group>"; };
		3ED77318163E2DD000E5C9A9 /* ltablib.c */ = {isa = PBXFileReference; fileEncoding = 4; lastKnownFileType = sourcecode.c.c; path = ltablib.c; sourceTree = "<group>"; };
		3ED77319163E2DD000E5C9A9 /* ltm.c */ = {isa = PBXFileReference; fileEncoding = 4; lastKnownFileType = sourcecode.c.c; path = ltm.c; sourceTree = "<group>"; };
		3ED7731A163E2DD000E5C9A9 /* ltm.h */ = {isa = PBXFileReference; fileEncoding = 4; lastKnownFileType = sourcecode.c.h; path = ltm.h; sourceTree = "<group>"; };
		3ED7731B163E2DD000E5C9A9 /* lua.h */ = {isa = PBXFileReference; fileEncoding = 4; lastKnownFileType = sourcecode.c.h; path = lua.h; sourceTree = "<group>"; };
		3ED7731C163E2DD000E5C9A9 /* luaconf.h */ = {isa = PBXFileReference; fileEncoding = 4; lastKnownFileType = sourcecode.c.h; path = luaconf.h; sourceTree = "<group>"; };
		3ED7731D163E2DD000E5C9A9 /* lualib.h */ = {isa = PBXFileReference; fileEncoding = 4; lastKnownFileType = sourcecode.c.h; path = lualib.h; sourceTree = "<group>"; };
		3ED7731E163E2DD000E5C9A9 /* lundump.c */ = {isa = PBXFileReference; fileEncoding = 4; lastKnownFileType = sourcecode.c.c; path = lundump.c; sourceTree = "<group>"; };
		3ED7731F163E2DD000E5C9A9 /* lundump.h */ = {isa = PBXFileReference; fileEncoding = 4; lastKnownFileType = sourcecode.c.h; path = lundump.h; sourceTree = "<group>"; };
		3ED77320163E2DD000E5C9A9 /* lvm.c */ = {isa = PBXFileReference; fileEncoding = 4; lastKnownFileType = sourcecode.c.c; path = lvm.c; sourceTree = "<group>"; };
		3ED77321163E2DD000E5C9A9 /* lvm.h */ = {isa = PBXFileReference; fileEncoding = 4; lastKnownFileType = sourcecode.c.h; path = lvm.h; sourceTree = "<group>"; };
		3ED77322163E2DD000E5C9A9 /* lzio.c */ = {isa = PBXFileReference; fileEncoding = 4; lastKnownFileType = sourcecode.c.c; path = lzio.c; sourceTree = "<group>"; };
		3ED77323163E2DD000E5C9A9 /* lzio.h */ = {isa = PBXFileReference; fileEncoding = 4; lastKnownFileType = sourcecode.c.h; path = lzio.h; sourceTree = "<group>"; };
		3ED77324163E2DD000E5C9A9 /* print.c */ = {isa = PBXFileReference; fileEncoding = 4; lastKnownFileType = sourcecode.c.c; path = print.c; sourceTree = "<group>"; };
		3EE36D6616324A9400BB5D02 /* LuaScriptInvokeFilter.h */ = {isa = PBXFileReference; fileEncoding = 4; lastKnownFileType = sourcecode.c.h; path = LuaScriptInvokeFilter.h; sourceTree = "<group>"; };
		3EE36D6816324B9000BB5D02 /* UnicodeScriptInvokeFilter.h */ = {isa = PBXFileReference; fileEncoding = 4; lastKnownFileType = sourcecode.c.h; path = UnicodeScriptInvokeFilter.h; sourceTree = "<group>"; };
		3EE36D6916324B9000BB5D02 /* UnicodeScriptInvokeFilter.m */ = {isa = PBXFileReference; fileEncoding = 4; lastKnownFileType = sourcecode.c.objc; path = UnicodeScriptInvokeFilter.m; sourceTree = "<group>"; };
		3EE36D6B163255F200BB5D02 /* LuaFunctions.h */ = {isa = PBXFileReference; fileEncoding = 4; lastKnownFileType = sourcecode.c.h; path = LuaFunctions.h; sourceTree = "<group>"; };
		3EE36D6C163255FB00BB5D02 /* LuaFunctions.m */ = {isa = PBXFileReference; fileEncoding = 4; lastKnownFileType = sourcecode.c.objc; path = LuaFunctions.m; sourceTree = "<group>"; };
		3EE36D6F1632AA7F00BB5D02 /* HTTPRequestImpl.h */ = {isa = PBXFileReference; fileEncoding = 4; lastKnownFileType = sourcecode.c.h; path = HTTPRequestImpl.h; sourceTree = "<group>"; };
		3EE36D701632AA7F00BB5D02 /* HTTPRequestImpl.m */ = {isa = PBXFileReference; fileEncoding = 4; lastKnownFileType = sourcecode.c.objc; path = HTTPRequestImpl.m; sourceTree = "<group>"; };
		3EE36D761632B2CD00BB5D02 /* LuaApplication.h */ = {isa = PBXFileReference; fileEncoding = 4; lastKnownFileType = sourcecode.c.h; path = LuaApplication.h; sourceTree = "<group>"; };
		3EE36D771632B2CE00BB5D02 /* LuaApplication.m */ = {isa = PBXFileReference; fileEncoding = 4; lastKnownFileType = sourcecode.c.objc; path = LuaApplication.m; sourceTree = "<group>"; };
		3EE3B2A01631987F00C77F85 /* MemoryTracer.h */ = {isa = PBXFileReference; fileEncoding = 4; lastKnownFileType = sourcecode.c.h; path = MemoryTracer.h; sourceTree = "<group>"; };
		3EE3B2A11631987F00C77F85 /* MemoryTracer.m */ = {isa = PBXFileReference; fileEncoding = 4; lastKnownFileType = sourcecode.c.objc; path = MemoryTracer.m; sourceTree = "<group>"; };
		3EE3B2AA1631B58200C77F85 /* Toast.h */ = {isa = PBXFileReference; fileEncoding = 4; lastKnownFileType = sourcecode.c.h; path = Toast.h; sourceTree = "<group>"; };
		3EE3B2AB1631B58200C77F85 /* Toast.m */ = {isa = PBXFileReference; fileEncoding = 4; lastKnownFileType = sourcecode.c.objc; path = Toast.m; sourceTree = "<group>"; };
		3EE3B2AD1631B5DA00C77F85 /* CodeUtils.h */ = {isa = PBXFileReference; fileEncoding = 4; lastKnownFileType = sourcecode.c.h; path = CodeUtils.h; sourceTree = "<group>"; };
		3EE3B2AE1631B5DA00C77F85 /* CodeUtils.m */ = {isa = PBXFileReference; fileEncoding = 4; lastKnownFileType = sourcecode.c.objc; path = CodeUtils.m; sourceTree = "<group>"; };
		3EE3B2AF1631B5DA00C77F85 /* CommonUtils.h */ = {isa = PBXFileReference; fileEncoding = 4; lastKnownFileType = sourcecode.c.h; path = CommonUtils.h; sourceTree = "<group>"; };
		3EE3B2B01631B5DA00C77F85 /* CommonUtils.m */ = {isa = PBXFileReference; fileEncoding = 4; lastKnownFileType = sourcecode.c.objc; path = CommonUtils.m; sourceTree = "<group>"; };
		3EE3B2B11631B5DA00C77F85 /* DelayController.h */ = {isa = PBXFileReference; fileEncoding = 4; lastKnownFileType = sourcecode.c.h; path = DelayController.h; sourceTree = "<group>"; };
		3EE3B2B21631B5DA00C77F85 /* DelayController.m */ = {isa = PBXFileReference; fileEncoding = 4; lastKnownFileType = sourcecode.c.objc; path = DelayController.m; sourceTree = "<group>"; };
		3EE3B2B31631B5DA00C77F85 /* KeyboardState.h */ = {isa = PBXFileReference; fileEncoding = 4; lastKnownFileType = sourcecode.c.h; path = KeyboardState.h; sourceTree = "<group>"; };
		3EE3B2B41631B5DA00C77F85 /* KeyboardState.m */ = {isa = PBXFileReference; fileEncoding = 4; lastKnownFileType = sourcecode.c.objc; path = KeyboardState.m; sourceTree = "<group>"; };
		3EE3B2B51631B5DA00C77F85 /* Singleton.h */ = {isa = PBXFileReference; fileEncoding = 4; lastKnownFileType = sourcecode.c.h; path = Singleton.h; sourceTree = "<group>"; };
		3EE3B2B61631B5DA00C77F85 /* Singleton.m */ = {isa = PBXFileReference; fileEncoding = 4; lastKnownFileType = sourcecode.c.objc; path = Singleton.m; sourceTree = "<group>"; };
		3EE3B2B71631B5DA00C77F85 /* TaskQueue.h */ = {isa = PBXFileReference; fileEncoding = 4; lastKnownFileType = sourcecode.c.h; path = TaskQueue.h; sourceTree = "<group>"; };
		3EE3B2B81631B5DA00C77F85 /* TaskQueue.m */ = {isa = PBXFileReference; fileEncoding = 4; lastKnownFileType = sourcecode.c.objc; path = TaskQueue.m; sourceTree = "<group>"; };
		3EE3B2B91631B5DA00C77F85 /* Timer.h */ = {isa = PBXFileReference; fileEncoding = 4; lastKnownFileType = sourcecode.c.h; path = Timer.h; sourceTree = "<group>"; };
		3EE3B2BA1631B5DA00C77F85 /* Timer.m */ = {isa = PBXFileReference; fileEncoding = 4; lastKnownFileType = sourcecode.c.objc; path = Timer.m; sourceTree = "<group>"; };
		3EE3B2BB1631B5DA00C77F85 /* DialogTools.h */ = {isa = PBXFileReference; fileEncoding = 4; lastKnownFileType = sourcecode.c.h; path = DialogTools.h; sourceTree = "<group>"; };
		3EE3B2BC1631B5DA00C77F85 /* DialogTools.m */ = {isa = PBXFileReference; fileEncoding = 4; lastKnownFileType = sourcecode.c.objc; path = DialogTools.m; sourceTree = "<group>"; };
		3EE3B2CA1631B64D00C77F85 /* DataBaseKeyValueManager.h */ = {isa = PBXFileReference; fileEncoding = 4; lastKnownFileType = sourcecode.c.h; path = DataBaseKeyValueManager.h; sourceTree = "<group>"; };
		3EE3B2CB1631B64D00C77F85 /* DataBaseKeyValueManager.m */ = {isa = PBXFileReference; fileEncoding = 4; lastKnownFileType = sourcecode.c.objc; path = DataBaseKeyValueManager.m; sourceTree = "<group>"; };
		3EE3B2CC1631B64D00C77F85 /* KeyValueManager.h */ = {isa = PBXFileReference; fileEncoding = 4; lastKnownFileType = sourcecode.c.h; path = KeyValueManager.h; sourceTree = "<group>"; };
		3EE3B2CE1631B67300C77F85 /* libsqlite3.dylib */ = {isa = PBXFileReference; lastKnownFileType = "compiled.mach-o.dylib"; name = libsqlite3.dylib; path = usr/lib/libsqlite3.dylib; sourceTree = SDKROOT; };
		3EE3B329163232EE00C77F85 /* ScriptInteraction.h */ = {isa = PBXFileReference; fileEncoding = 4; lastKnownFileType = sourcecode.c.h; path = ScriptInteraction.h; sourceTree = "<group>"; };
		3EE3B32B163235E800C77F85 /* LuaScriptInteraction.h */ = {isa = PBXFileReference; fileEncoding = 4; lastKnownFileType = sourcecode.c.h; path = LuaScriptInteraction.h; sourceTree = "<group>"; };
		3EE3B32C163235E800C77F85 /* LuaScriptInteraction.m */ = {isa = PBXFileReference; fileEncoding = 4; lastKnownFileType = sourcecode.c.objc; path = LuaScriptInteraction.m; sourceTree = "<group>"; };
		3EF86913163ACC1700E41ED6 /* MethodInvokerForLua.h */ = {isa = PBXFileReference; fileEncoding = 4; lastKnownFileType = sourcecode.c.h; path = MethodInvokerForLua.h; sourceTree = "<group>"; };
		3EF86914163ACC1700E41ED6 /* MethodInvokerForLua.m */ = {isa = PBXFileReference; fileEncoding = 4; lastKnownFileType = sourcecode.c.objc; path = MethodInvokerForLua.m; sourceTree = "<group>"; };
/* End PBXFileReference section */

/* Begin PBXFrameworksBuildPhase section */
		3E633954162D8C3900B63328 /* Frameworks */ = {
			isa = PBXFrameworksBuildPhase;
			buildActionMask = 2147483647;
			files = (
				3EE3B2CF1631B67300C77F85 /* libsqlite3.dylib in Frameworks */,
				3E633995162D9F6C00B63328 /* QuartzCore.framework in Frameworks */,
				3E63395C162D8C3900B63328 /* UIKit.framework in Frameworks */,
				3E63395E162D8C3900B63328 /* Foundation.framework in Frameworks */,
				3E633960162D8C3900B63328 /* CoreGraphics.framework in Frameworks */,
			);
			runOnlyForDeploymentPostprocessing = 0;
		};
/* End PBXFrameworksBuildPhase section */

/* Begin PBXGroup section */
		3E06D5B71632E1670013DCF7 /* Network */ = {
			isa = PBXGroup;
			children = (
				3E06D5C01632E2880013DCF7 /* ProviderPool.h */,
				3E06D5C11632E2880013DCF7 /* ProviderPool.m */,
				3E06D5BB1632E1D80013DCF7 /* HTTPGetRequest.h */,
				3E06D5C31632E3650013DCF7 /* HTTPRequest.h */,
				3E06D5C41632E3650013DCF7 /* HTTPRequest.m */,
			);
			name = Network;
			sourceTree = "<group>";
		};
		3E094EFE1634E462006F90A9 /* RuntimeUtils */ = {
			isa = PBXGroup;
			children = (
				3E094F001634E469006F90A9 /* RTProperty.h */,
				3E094F011634E469006F90A9 /* RTProperty.m */,
				3E094F021634E469006F90A9 /* RuntimeUtils.h */,
				3E094F031634E469006F90A9 /* RuntimeUtils.m */,
			);
			name = RuntimeUtils;
			sourceTree = "<group>";
		};
		3E63394C162D8C3900B63328 = {
			isa = PBXGroup;
			children = (
				3E633993162D9F5800B63328 /* AddInFrameworks */,
				3EE3B32E16323DB000C77F85 /* Scripts */,
				3E633987162D915700B63328 /* Libraries */,
				3E633961162D8C3900B63328 /* Queries */,
				3E63395A162D8C3900B63328 /* Frameworks */,
				3E633958162D8C3900B63328 /* Products */,
			);
			sourceTree = "<group>";
		};
		3E633958162D8C3900B63328 /* Products */ = {
			isa = PBXGroup;
			children = (
				3E633957162D8C3900B63328 /* Queries.app */,
			);
			name = Products;
			sourceTree = "<group>";
		};
		3E63395A162D8C3900B63328 /* Frameworks */ = {
			isa = PBXGroup;
			children = (
				3E63395B162D8C3900B63328 /* UIKit.framework */,
				3E63395D162D8C3900B63328 /* Foundation.framework */,
				3E63395F162D8C3900B63328 /* CoreGraphics.framework */,
			);
			name = Frameworks;
			sourceTree = "<group>";
		};
		3E633961162D8C3900B63328 /* Queries */ = {
			isa = PBXGroup;
			children = (
				3E633978162D8C6A00B63328 /* ViewControllers */,
				3E63396A162D8C3900B63328 /* AppDelegate.h */,
				3E63396B162D8C3A00B63328 /* AppDelegate.m */,
				3E633962162D8C3900B63328 /* Supporting Files */,
			);
			path = Queries;
			sourceTree = "<group>";
		};
		3E633962162D8C3900B63328 /* Supporting Files */ = {
			isa = PBXGroup;
			children = (
				3E633963162D8C3900B63328 /* Queries-Info.plist */,
				3E633964162D8C3900B63328 /* InfoPlist.strings */,
				3E633967162D8C3900B63328 /* main.m */,
				3E633969162D8C3900B63328 /* Queries-Prefix.pch */,
				3E63396D162D8C3A00B63328 /* Default.png */,
				3E63396F162D8C3A00B63328 /* Default@2x.png */,
				3E633971162D8C3A00B63328 /* Default-568h@2x.png */,
			);
			name = "Supporting Files";
			sourceTree = "<group>";
		};
		3E633978162D8C6A00B63328 /* ViewControllers */ = {
			isa = PBXGroup;
			children = (
				3E63397C162D8CDA00B63328 /* Base */,
				3E633979162D8CD500B63328 /* QueriesViewController.h */,
				3E63397A162D8CD500B63328 /* QueriesViewController.m */,
			);
			name = ViewControllers;
			sourceTree = "<group>";
		};
		3E63397C162D8CDA00B63328 /* Base */ = {
			isa = PBXGroup;
			children = (
				3E63397D162D8CF300B63328 /* BaseViewController.h */,
				3E63397E162D8CF300B63328 /* BaseViewController.m */,
				3E633980162D8DB400B63328 /* BaseTableViewController.h */,
				3E633981162D8DB400B63328 /* BaseTableViewController.m */,
			);
			name = Base;
			sourceTree = "<group>";
		};
		3E633987162D915700B63328 /* Libraries */ = {
			isa = PBXGroup;
			children = (
				3E633988162D916600B63328 /* Additions */,
				3EE3B3281632326A00C77F85 /* Lua */,
				3E06D5B71632E1670013DCF7 /* Network */,
				3E63398C162D92E300B63328 /* UIComponents */,
				3E9D0C31163192EF00C3FDCE /* Utils */,
			);
			name = Libraries;
			path = Queries;
			sourceTree = "<group>";
		};
		3E633988162D916600B63328 /* Additions */ = {
			isa = PBXGroup;
			children = (
				3E633989162D91DA00B63328 /* GiveRightsOfOrientationBack.h */,
				3E63398A162D91DA00B63328 /* GiveRightsOfOrientationBack.m */,
			);
			name = Additions;
			sourceTree = "<group>";
		};
		3E63398C162D92E300B63328 /* UIComponents */ = {
			isa = PBXGroup;
			children = (
				3EE3B2BB1631B5DA00C77F85 /* DialogTools.h */,
				3EE3B2BC1631B5DA00C77F85 /* DialogTools.m */,
				3EE3B2AA1631B58200C77F85 /* Toast.h */,
				3EE3B2AB1631B58200C77F85 /* Toast.m */,
				3E633990162D958B00B63328 /* GridViewTableViewHelper.h */,
				3E633991162D958B00B63328 /* GridViewTableViewHelper.m */,
			);
			name = UIComponents;
			sourceTree = "<group>";
		};
		3E633993162D9F5800B63328 /* AddInFrameworks */ = {
			isa = PBXGroup;
			children = (
				3ED772EF163E2DD000E5C9A9 /* lua-5.1 */,
				3EE3B2CE1631B67300C77F85 /* libsqlite3.dylib */,
				3E633994162D9F6C00B63328 /* QuartzCore.framework */,
			);
			name = AddInFrameworks;
			sourceTree = "<group>";
		};
		3E9D0C31163192EF00C3FDCE /* Utils */ = {
			isa = PBXGroup;
			children = (
				3E094EFE1634E462006F90A9 /* RuntimeUtils */,
				3EE3B2C51631B5E600C77F85 /* KeyValueManager */,
				3EE3B2AD1631B5DA00C77F85 /* CodeUtils.h */,
				3EE3B2AE1631B5DA00C77F85 /* CodeUtils.m */,
				3EE3B2AF1631B5DA00C77F85 /* CommonUtils.h */,
				3EE3B2B01631B5DA00C77F85 /* CommonUtils.m */,
				3EE3B2B11631B5DA00C77F85 /* DelayController.h */,
				3EE3B2B21631B5DA00C77F85 /* DelayController.m */,
				3EE3B2B31631B5DA00C77F85 /* KeyboardState.h */,
				3EE3B2B41631B5DA00C77F85 /* KeyboardState.m */,
				3EE3B2B51631B5DA00C77F85 /* Singleton.h */,
				3EE3B2B61631B5DA00C77F85 /* Singleton.m */,
				3EE3B2B71631B5DA00C77F85 /* TaskQueue.h */,
				3EE3B2B81631B5DA00C77F85 /* TaskQueue.m */,
				3EE3B2B91631B5DA00C77F85 /* Timer.h */,
				3EE3B2BA1631B5DA00C77F85 /* Timer.m */,
				3E9D0C32163192FD00C3FDCE /* SystemUtils.h */,
				3E9D0C33163192FD00C3FDCE /* SystemUtils.m */,
				3EE3B2A01631987F00C77F85 /* MemoryTracer.h */,
				3EE3B2A11631987F00C77F85 /* MemoryTracer.m */,
			);
			name = Utils;
			sourceTree = "<group>";
		};
		3EC0BA941633B1840074D22B /* LuaScriptChecker */ = {
			isa = PBXGroup;
			children = (
				3EC0BA951633B1DA0074D22B /* UnicodeChecker.h */,
				3EC0BA961633B1DA0074D22B /* UnicodeChecker.m */,
				3EC0BA9B1633BA4C0074D22B /* SelfSupportChecker.h */,
				3EC0BA9C1633BA4C0074D22B /* SelfSupportChecker.m */,
				3EC0BA9E1633BBFD0074D22B /* ImportSupportChecker.h */,
				3EC0BA9F1633BBFD0074D22B /* ImportSupportChecker.m */,
				3E094F1816351CEA006F90A9 /* PrefixGrammarChecker.h */,
				3E094F1916351CEA006F90A9 /* PrefixGrammarChecker.m */,
				3E4EBD27163814BC00629387 /* DotGrammarChecker.h */,
				3E4EBD28163814BD00629387 /* DotGrammarChecker.m */,
			);
			name = LuaScriptChecker;
			sourceTree = "<group>";
		};
		3ED772EF163E2DD000E5C9A9 /* lua-5.1 */ = {
			isa = PBXGroup;
			children = (
				3ED772F0163E2DD000E5C9A9 /* lapi.c */,
				3ED772F1163E2DD000E5C9A9 /* lapi.h */,
				3ED772F2163E2DD000E5C9A9 /* lauxlib.c */,
				3ED772F3163E2DD000E5C9A9 /* lauxlib.h */,
				3ED772F4163E2DD000E5C9A9 /* lbaselib.c */,
				3ED772F5163E2DD000E5C9A9 /* lcode.c */,
				3ED772F6163E2DD000E5C9A9 /* lcode.h */,
				3ED772F7163E2DD000E5C9A9 /* ldblib.c */,
				3ED772F8163E2DD000E5C9A9 /* ldebug.c */,
				3ED772F9163E2DD000E5C9A9 /* ldebug.h */,
				3ED772FA163E2DD000E5C9A9 /* ldo.c */,
				3ED772FB163E2DD000E5C9A9 /* ldo.h */,
				3ED772FC163E2DD000E5C9A9 /* ldump.c */,
				3ED772FD163E2DD000E5C9A9 /* lfunc.c */,
				3ED772FE163E2DD000E5C9A9 /* lfunc.h */,
				3ED772FF163E2DD000E5C9A9 /* lgc.c */,
				3ED77300163E2DD000E5C9A9 /* lgc.h */,
				3ED77301163E2DD000E5C9A9 /* linit.c */,
				3ED77302163E2DD000E5C9A9 /* liolib.c */,
				3ED77303163E2DD000E5C9A9 /* llex.c */,
				3ED77304163E2DD000E5C9A9 /* llex.h */,
				3ED77305163E2DD000E5C9A9 /* llimits.h */,
				3ED77306163E2DD000E5C9A9 /* lmathlib.c */,
				3ED77307163E2DD000E5C9A9 /* lmem.c */,
				3ED77308163E2DD000E5C9A9 /* lmem.h */,
				3ED77309163E2DD000E5C9A9 /* loadlib.c */,
				3ED7730A163E2DD000E5C9A9 /* lobject.c */,
				3ED7730B163E2DD000E5C9A9 /* lobject.h */,
				3ED7730C163E2DD000E5C9A9 /* lopcodes.c */,
				3ED7730D163E2DD000E5C9A9 /* lopcodes.h */,
				3ED7730E163E2DD000E5C9A9 /* loslib.c */,
				3ED7730F163E2DD000E5C9A9 /* lparser.c */,
				3ED77310163E2DD000E5C9A9 /* lparser.h */,
				3ED77311163E2DD000E5C9A9 /* lstate.c */,
				3ED77312163E2DD000E5C9A9 /* lstate.h */,
				3ED77313163E2DD000E5C9A9 /* lstring.c */,
				3ED77314163E2DD000E5C9A9 /* lstring.h */,
				3ED77315163E2DD000E5C9A9 /* lstrlib.c */,
				3ED77316163E2DD000E5C9A9 /* ltable.c */,
				3ED77317163E2DD000E5C9A9 /* ltable.h */,
				3ED77318163E2DD000E5C9A9 /* ltablib.c */,
				3ED77319163E2DD000E5C9A9 /* ltm.c */,
				3ED7731A163E2DD000E5C9A9 /* ltm.h */,
				3ED7731B163E2DD000E5C9A9 /* lua.h */,
				3ED7731C163E2DD000E5C9A9 /* luaconf.h */,
				3ED7731D163E2DD000E5C9A9 /* lualib.h */,
				3ED7731E163E2DD000E5C9A9 /* lundump.c */,
				3ED7731F163E2DD000E5C9A9 /* lundump.h */,
				3ED77320163E2DD000E5C9A9 /* lvm.c */,
				3ED77321163E2DD000E5C9A9 /* lvm.h */,
				3ED77322163E2DD000E5C9A9 /* lzio.c */,
				3ED77323163E2DD000E5C9A9 /* lzio.h */,
				3ED77324163E2DD000E5C9A9 /* print.c */,
			);
			path = "lua-5.1";
			sourceTree = "<group>";
		};
		3EE36D6E1632AA5200BB5D02 /* ios_impl */ = {
			isa = PBXGroup;
			children = (
				3EE36D6F1632AA7F00BB5D02 /* HTTPRequestImpl.h */,
				3EE36D701632AA7F00BB5D02 /* HTTPRequestImpl.m */,
				3E06D5B01632C94A0013DCF7 /* UIRelatedImpl.h */,
				3E06D5B11632C94A0013DCF7 /* UIRelatedImpl.m */,
				3EC0BAA11633CB060074D22B /* ViewControllerImpl.h */,
				3EC0BAA21633CB060074D22B /* ViewControllerImpl.m */,
				3EC0BAA41633E99F0074D22B /* TextFieldImpl.h */,
				3EC0BAA51633E9A00074D22B /* TextFieldImpl.m */,
				3E8C453A16340F2300468A7E /* CallScriptImpl.h */,
				3E8C453B16340F2300468A7E /* CallScriptImpl.m */,
				3E8C454316343DE600468A7E /* RuntimeImpl.h */,
				3E8C454416343DE600468A7E /* RuntimeImpl.m */,
				3E8C45461634497200468A7E /* ButtonImpl.h */,
				3E8C45471634497200468A7E /* ButtonImpl.m */,
				3E094F0A1634F145006F90A9 /* LabelImpl.h */,
				3E094F0B1634F145006F90A9 /* LabelImpl.m */,
				3E094F1516351530006F90A9 /* NavigationControllerImpl.h */,
				3E094F1616351531006F90A9 /* NavigationControllerImpl.m */,
				3E0359331635322B0051DABA /* WebViewImpl.h */,
				3E0359341635322B0051DABA /* WebViewImpl.m */,
				3ED0C77E16354F2D00A3E33F /* TableViewImpl.h */,
				3ED0C77F16354F2D00A3E33F /* TableViewImpl.m */,
				3ED0C7821635502700A3E33F /* ArrayImpl.h */,
				3ED0C7831635502700A3E33F /* ArrayImpl.m */,
				3E4EBD221636FDC700629387 /* UIBarButtonItemImpl.h */,
				3E4EBD231636FDC900629387 /* UIBarButtonItemImpl.m */,
			);
			name = ios_impl;
			sourceTree = "<group>";
		};
		3EE3B2C51631B5E600C77F85 /* KeyValueManager */ = {
			isa = PBXGroup;
			children = (
				3EE3B2CA1631B64D00C77F85 /* DataBaseKeyValueManager.h */,
				3EE3B2CB1631B64D00C77F85 /* DataBaseKeyValueManager.m */,
				3EE3B2CC1631B64D00C77F85 /* KeyValueManager.h */,
			);
			name = KeyValueManager;
			sourceTree = "<group>";
		};
		3EE3B3281632326A00C77F85 /* Lua */ = {
			isa = PBXGroup;
			children = (
				3EF86913163ACC1700E41ED6 /* MethodInvokerForLua.h */,
				3EF86914163ACC1700E41ED6 /* MethodInvokerForLua.m */,
				3EC0BA8F1633AB2C0074D22B /* LuaConstants.h */,
				3EE36D6B163255F200BB5D02 /* LuaFunctions.h */,
				3EE36D6C163255FB00BB5D02 /* LuaFunctions.m */,
				3EE36D6E1632AA5200BB5D02 /* ios_impl */,
				3EC0BAA71633EA1F0074D22B /* LuaObjectManagerLegacy.h */,
				3EC0BAA81633EA1F0074D22B /* LuaObjectManagerLegacy.m */,
				3EC0BAAA1633EAFC0074D22B /* EventProxy.h */,
				3EC0BAAB1633EAFD0074D22B /* EventProxy.m */,
				3E06D5AC1632C2490013DCF7 /* LuaInvoker.h */,
				3E06D5AD1632C2490013DCF7 /* LuaInvoker.m */,
				3EC0BA941633B1840074D22B /* LuaScriptChecker */,
				3EC0BA931633B17E0074D22B /* LuaScriptChecker.h */,
				3EE3B32B163235E800C77F85 /* LuaScriptInteraction.h */,
				3EE3B32C163235E800C77F85 /* LuaScriptInteraction.m */,
				3EE36D6616324A9400BB5D02 /* LuaScriptInvokeFilter.h */,
				3EE36D761632B2CD00BB5D02 /* LuaApplication.h */,
				3EE36D771632B2CE00BB5D02 /* LuaApplication.m */,
				3EE36D6816324B9000BB5D02 /* UnicodeScriptInvokeFilter.h */,
				3EE36D6916324B9000BB5D02 /* UnicodeScriptInvokeFilter.m */,
				3E8C453D1634361400468A7E /* LuaGroupedObjectManager.h */,
				3E8C453E1634361400468A7E /* LuaGroupedObjectManager.m */,
				3E8C4540163438CB00468A7E /* ObjectWrapper.h */,
				3E8C4541163438CB00468A7E /* ObjectWrapper.m */,
				3EE3B329163232EE00C77F85 /* ScriptInteraction.h */,
			);
			name = Lua;
			sourceTree = "<group>";
		};
		3EE3B32E16323DB000C77F85 /* Scripts */ = {
			isa = PBXGroup;
			children = (
				3EF86918163AD37300E41ED6 /* doc */,
				3EF86919163AD8B900E41ED6 /* System */,
				3EF86917163AD36300E41ED6 /* UIKit */,
				3E45B9AC163A896F00E19133 /* main.lua */,
				3ED77289163E1E9E00E5C9A9 /* TestObject.lua */,
				3ED7728B163E1EAB00E5C9A9 /* TestSubObject.lua */,
				3ED7728D163E25B900E5C9A9 /* TestSubSubObject.lua */,
			);
			name = Scripts;
			sourceTree = "<group>";
		};
		3EF86917163AD36300E41ED6 /* UIKit */ = {
			isa = PBXGroup;
			children = (
				3EC2CBD9163CF78B00E83E10 /* Label.lua */,
				3EC2CBC5163CCD2C00E83E10 /* BarButtonItem.lua */,
				3EC2CBC6163CCD2C00E83E10 /* BarButtonItemEventProxy.lua */,
				3EC2CBC7163CCD2C00E83E10 /* NavigationController.lua */,
				3EC2CBC8163CCD2C00E83E10 /* NavigationItem.lua */,
				3EC2CBC9163CCD2C00E83E10 /* TableView.lua */,
				3EC2CBCA163CCD2C00E83E10 /* TableViewCell.lua */,
				3EC2CBCB163CCD2D00E83E10 /* TableViewEventProxy.lua */,
				3E45B9A8163A893800E19133 /* UIKit.lua */,
				3EC2CBCC163CCD2D00E83E10 /* ViewController.lua */,
				3EC2CBCD163CCD2D00E83E10 /* ViewControllerEventProxy.lua */,
				3EC2CBDD163CFF8500E83E10 /* View.lua */,
			);
			name = UIKit;
			sourceTree = "<group>";
		};
		3EF86918163AD37300E41ED6 /* doc */ = {
			isa = PBXGroup;
			children = (
				3E45B9AB163A896F00E19133 /* doc.txt */,
			);
			name = doc;
			sourceTree = "<group>";
		};
		3EF86919163AD8B900E41ED6 /* System */ = {
			isa = PBXGroup;
			children = (
				3EC2CBBF163CCD1D00E83E10 /* Object.lua */,
				3EC2CBC0163CCD1D00E83E10 /* Recyclable.lua */,
				3EC2CBC1163CCD1D00E83E10 /* Utils.lua */,
			);
			name = System;
			sourceTree = "<group>";
		};
/* End PBXGroup section */

/* Begin PBXNativeTarget section */
		3E633956162D8C3900B63328 /* Queries */ = {
			isa = PBXNativeTarget;
			buildConfigurationList = 3E633975162D8C3A00B63328 /* Build configuration list for PBXNativeTarget "Queries" */;
			buildPhases = (
				3E633953162D8C3900B63328 /* Sources */,
				3E633954162D8C3900B63328 /* Frameworks */,
				3E633955162D8C3900B63328 /* Resources */,
			);
			buildRules = (
			);
			dependencies = (
			);
			name = Queries;
			productName = Queries;
			productReference = 3E633957162D8C3900B63328 /* Queries.app */;
			productType = "com.apple.product-type.application";
		};
/* End PBXNativeTarget section */

/* Begin PBXProject section */
		3E63394E162D8C3900B63328 /* Project object */ = {
			isa = PBXProject;
			attributes = {
				LastUpgradeCheck = 0450;
				ORGANIZATIONNAME = yangzexin;
			};
			buildConfigurationList = 3E633951162D8C3900B63328 /* Build configuration list for PBXProject "Queries" */;
			compatibilityVersion = "Xcode 3.2";
			developmentRegion = English;
			hasScannedForEncodings = 0;
			knownRegions = (
				en,
			);
			mainGroup = 3E63394C162D8C3900B63328;
			productRefGroup = 3E633958162D8C3900B63328 /* Products */;
			projectDirPath = "";
			projectRoot = "";
			targets = (
				3E633956162D8C3900B63328 /* Queries */,
			);
		};
/* End PBXProject section */

/* Begin PBXResourcesBuildPhase section */
		3E633955162D8C3900B63328 /* Resources */ = {
			isa = PBXResourcesBuildPhase;
			buildActionMask = 2147483647;
			files = (
				3E633966162D8C3900B63328 /* InfoPlist.strings in Resources */,
				3E63396E162D8C3A00B63328 /* Default.png in Resources */,
				3E633970162D8C3A00B63328 /* Default@2x.png in Resources */,
				3E633972162D8C3A00B63328 /* Default-568h@2x.png in Resources */,
				3E45B9A9163A893800E19133 /* UIKit.lua in Resources */,
				3E45B9AE163A896F00E19133 /* doc.txt in Resources */,
				3E45B9AF163A896F00E19133 /* main.lua in Resources */,
				3EC2CBC2163CCD1D00E83E10 /* Object.lua in Resources */,
				3EC2CBC3163CCD1D00E83E10 /* Recyclable.lua in Resources */,
				3EC2CBC4163CCD1D00E83E10 /* Utils.lua in Resources */,
				3EC2CBCE163CCD2D00E83E10 /* BarButtonItem.lua in Resources */,
				3EC2CBCF163CCD2D00E83E10 /* BarButtonItemEventProxy.lua in Resources */,
				3EC2CBD0163CCD2D00E83E10 /* NavigationController.lua in Resources */,
				3EC2CBD1163CCD2D00E83E10 /* NavigationItem.lua in Resources */,
				3EC2CBD2163CCD2D00E83E10 /* TableView.lua in Resources */,
				3EC2CBD3163CCD2D00E83E10 /* TableViewCell.lua in Resources */,
				3EC2CBD4163CCD2D00E83E10 /* TableViewEventProxy.lua in Resources */,
				3EC2CBD5163CCD2D00E83E10 /* ViewController.lua in Resources */,
				3EC2CBD6163CCD2D00E83E10 /* ViewControllerEventProxy.lua in Resources */,
				3EC2CBDA163CF78B00E83E10 /* Label.lua in Resources */,
				3EC2CBDE163CFF8600E83E10 /* View.lua in Resources */,
				3ED7728A163E1E9E00E5C9A9 /* TestObject.lua in Resources */,
				3ED7728C163E1EAB00E5C9A9 /* TestSubObject.lua in Resources */,
				3ED7728E163E25B900E5C9A9 /* TestSubSubObject.lua in Resources */,
			);
			runOnlyForDeploymentPostprocessing = 0;
		};
/* End PBXResourcesBuildPhase section */

/* Begin PBXSourcesBuildPhase section */
		3E633953162D8C3900B63328 /* Sources */ = {
			isa = PBXSourcesBuildPhase;
			buildActionMask = 2147483647;
			files = (
				3E633968162D8C3900B63328 /* main.m in Sources */,
				3E63396C162D8C3A00B63328 /* AppDelegate.m in Sources */,
				3E63397B162D8CD500B63328 /* QueriesViewController.m in Sources */,
				3E63397F162D8CF300B63328 /* BaseViewController.m in Sources */,
				3E633982162D8DB400B63328 /* BaseTableViewController.m in Sources */,
				3E63398B162D91DA00B63328 /* GiveRightsOfOrientationBack.m in Sources */,
				3E633992162D958B00B63328 /* GridViewTableViewHelper.m in Sources */,
				3E9D0C34163192FD00C3FDCE /* SystemUtils.m in Sources */,
				3EE3B2A21631987F00C77F85 /* MemoryTracer.m in Sources */,
				3EE3B2AC1631B58200C77F85 /* Toast.m in Sources */,
				3EE3B2BD1631B5DA00C77F85 /* CodeUtils.m in Sources */,
				3EE3B2BE1631B5DA00C77F85 /* CommonUtils.m in Sources */,
				3EE3B2BF1631B5DA00C77F85 /* DelayController.m in Sources */,
				3EE3B2C01631B5DA00C77F85 /* KeyboardState.m in Sources */,
				3EE3B2C11631B5DA00C77F85 /* Singleton.m in Sources */,
				3EE3B2C21631B5DA00C77F85 /* TaskQueue.m in Sources */,
				3EE3B2C31631B5DA00C77F85 /* Timer.m in Sources */,
				3EE3B2C41631B5DA00C77F85 /* DialogTools.m in Sources */,
				3EE3B2CD1631B64D00C77F85 /* DataBaseKeyValueManager.m in Sources */,
				3EE3B32D163235E800C77F85 /* LuaScriptInteraction.m in Sources */,
				3EE36D6A16324B9000BB5D02 /* UnicodeScriptInvokeFilter.m in Sources */,
				3EE36D6D163255FB00BB5D02 /* LuaFunctions.m in Sources */,
				3EE36D711632AA7F00BB5D02 /* HTTPRequestImpl.m in Sources */,
				3EE36D781632B2CE00BB5D02 /* LuaApplication.m in Sources */,
				3E06D5AE1632C2490013DCF7 /* LuaInvoker.m in Sources */,
				3E06D5B21632C94A0013DCF7 /* UIRelatedImpl.m in Sources */,
				3E06D5C21632E2880013DCF7 /* ProviderPool.m in Sources */,
				3E06D5C51632E3650013DCF7 /* HTTPRequest.m in Sources */,
				3EC0BA971633B1DA0074D22B /* UnicodeChecker.m in Sources */,
				3EC0BA9D1633BA4C0074D22B /* SelfSupportChecker.m in Sources */,
				3EC0BAA01633BBFD0074D22B /* ImportSupportChecker.m in Sources */,
				3EC0BAA31633CB060074D22B /* ViewControllerImpl.m in Sources */,
				3EC0BAA61633E9A00074D22B /* TextFieldImpl.m in Sources */,
				3EC0BAA91633EA200074D22B /* LuaObjectManagerLegacy.m in Sources */,
				3EC0BAAC1633EAFD0074D22B /* EventProxy.m in Sources */,
				3E8C453C16340F2300468A7E /* CallScriptImpl.m in Sources */,
				3E8C453F1634361500468A7E /* LuaGroupedObjectManager.m in Sources */,
				3E8C4542163438CC00468A7E /* ObjectWrapper.m in Sources */,
				3E8C454516343DE700468A7E /* RuntimeImpl.m in Sources */,
				3E8C45481634497300468A7E /* ButtonImpl.m in Sources */,
				3E094F041634E469006F90A9 /* RTProperty.m in Sources */,
				3E094F051634E469006F90A9 /* RuntimeUtils.m in Sources */,
				3E094F0C1634F145006F90A9 /* LabelImpl.m in Sources */,
				3E094F1716351532006F90A9 /* NavigationControllerImpl.m in Sources */,
				3E094F1A16351CEA006F90A9 /* PrefixGrammarChecker.m in Sources */,
				3E0359351635322B0051DABA /* WebViewImpl.m in Sources */,
				3ED0C78016354F2D00A3E33F /* TableViewImpl.m in Sources */,
				3ED0C7841635502700A3E33F /* ArrayImpl.m in Sources */,
				3E4EBD241636FDCA00629387 /* UIBarButtonItemImpl.m in Sources */,
				3E4EBD29163814BD00629387 /* DotGrammarChecker.m in Sources */,
				3EF86915163ACC1700E41ED6 /* MethodInvokerForLua.m in Sources */,
				3ED77325163E2DD000E5C9A9 /* lapi.c in Sources */,
				3ED77326163E2DD000E5C9A9 /* lauxlib.c in Sources */,
				3ED77327163E2DD000E5C9A9 /* lbaselib.c in Sources */,
				3ED77328163E2DD000E5C9A9 /* lcode.c in Sources */,
				3ED77329163E2DD000E5C9A9 /* ldblib.c in Sources */,
				3ED7732A163E2DD000E5C9A9 /* ldebug.c in Sources */,
				3ED7732B163E2DD000E5C9A9 /* ldo.c in Sources */,
				3ED7732C163E2DD000E5C9A9 /* ldump.c in Sources */,
				3ED7732D163E2DD000E5C9A9 /* lfunc.c in Sources */,
				3ED7732E163E2DD000E5C9A9 /* lgc.c in Sources */,
				3ED7732F163E2DD000E5C9A9 /* linit.c in Sources */,
				3ED77330163E2DD000E5C9A9 /* liolib.c in Sources */,
				3ED77331163E2DD000E5C9A9 /* llex.c in Sources */,
				3ED77332163E2DD000E5C9A9 /* lmathlib.c in Sources */,
				3ED77333163E2DD000E5C9A9 /* lmem.c in Sources */,
				3ED77334163E2DD000E5C9A9 /* loadlib.c in Sources */,
				3ED77335163E2DD000E5C9A9 /* lobject.c in Sources */,
				3ED77336163E2DD000E5C9A9 /* lopcodes.c in Sources */,
				3ED77337163E2DD000E5C9A9 /* loslib.c in Sources */,
				3ED77338163E2DD000E5C9A9 /* lparser.c in Sources */,
				3ED77339163E2DD000E5C9A9 /* lstate.c in Sources */,
				3ED7733A163E2DD000E5C9A9 /* lstring.c in Sources */,
				3ED7733B163E2DD000E5C9A9 /* lstrlib.c in Sources */,
				3ED7733C163E2DD000E5C9A9 /* ltable.c in Sources */,
				3ED7733D163E2DD000E5C9A9 /* ltablib.c in Sources */,
				3ED7733E163E2DD000E5C9A9 /* ltm.c in Sources */,
				3ED7733F163E2DD000E5C9A9 /* lundump.c in Sources */,
				3ED77340163E2DD000E5C9A9 /* lvm.c in Sources */,
				3ED77341163E2DD000E5C9A9 /* lzio.c in Sources */,
				3ED77342163E2DD000E5C9A9 /* print.c in Sources */,
			);
			runOnlyForDeploymentPostprocessing = 0;
		};
/* End PBXSourcesBuildPhase section */

/* Begin PBXVariantGroup section */
		3E633964162D8C3900B63328 /* InfoPlist.strings */ = {
			isa = PBXVariantGroup;
			children = (
				3E633965162D8C3900B63328 /* en */,
			);
			name = InfoPlist.strings;
			sourceTree = "<group>";
		};
/* End PBXVariantGroup section */

/* Begin XCBuildConfiguration section */
		3E633973162D8C3A00B63328 /* Debug */ = {
			isa = XCBuildConfiguration;
			buildSettings = {
				ALWAYS_SEARCH_USER_PATHS = NO;
				CLANG_CXX_LANGUAGE_STANDARD = "gnu++0x";
				CLANG_CXX_LIBRARY = "libc++";
				CLANG_WARN_EMPTY_BODY = YES;
				CLANG_WARN__DUPLICATE_METHOD_MATCH = YES;
				"CODE_SIGN_IDENTITY[sdk=iphoneos*]" = "iPhone Developer";
				COPY_PHASE_STRIP = NO;
				GCC_C_LANGUAGE_STANDARD = gnu99;
				GCC_DYNAMIC_NO_PIC = NO;
				GCC_OPTIMIZATION_LEVEL = 0;
				GCC_PREPROCESSOR_DEFINITIONS = (
					"DEBUG=1",
					"$(inherited)",
				);
				GCC_SYMBOLS_PRIVATE_EXTERN = NO;
				GCC_WARN_ABOUT_RETURN_TYPE = YES;
				GCC_WARN_UNINITIALIZED_AUTOS = YES;
				GCC_WARN_UNUSED_VARIABLE = YES;
				IPHONEOS_DEPLOYMENT_TARGET = 6.0;
				SDKROOT = iphoneos;
				TARGETED_DEVICE_FAMILY = "1,2";
			};
			name = Debug;
		};
		3E633974162D8C3A00B63328 /* Release */ = {
			isa = XCBuildConfiguration;
			buildSettings = {
				ALWAYS_SEARCH_USER_PATHS = NO;
				CLANG_CXX_LANGUAGE_STANDARD = "gnu++0x";
				CLANG_CXX_LIBRARY = "libc++";
				CLANG_WARN_EMPTY_BODY = YES;
				CLANG_WARN__DUPLICATE_METHOD_MATCH = YES;
				"CODE_SIGN_IDENTITY[sdk=iphoneos*]" = "iPhone Developer";
				COPY_PHASE_STRIP = YES;
				GCC_C_LANGUAGE_STANDARD = gnu99;
				GCC_WARN_ABOUT_RETURN_TYPE = YES;
				GCC_WARN_UNINITIALIZED_AUTOS = YES;
				GCC_WARN_UNUSED_VARIABLE = YES;
				IPHONEOS_DEPLOYMENT_TARGET = 6.0;
				OTHER_CFLAGS = "-DNS_BLOCK_ASSERTIONS=1";
				SDKROOT = iphoneos;
				TARGETED_DEVICE_FAMILY = "1,2";
				VALIDATE_PRODUCT = YES;
			};
			name = Release;
		};
		3E633976162D8C3A00B63328 /* Debug */ = {
			isa = XCBuildConfiguration;
			buildSettings = {
				GCC_PRECOMPILE_PREFIX_HEADER = YES;
				GCC_PREFIX_HEADER = "Queries/Queries-Prefix.pch";
				INFOPLIST_FILE = "Queries/Queries-Info.plist";
				IPHONEOS_DEPLOYMENT_TARGET = 5.1;
				PRODUCT_NAME = "$(TARGET_NAME)";
				WRAPPER_EXTENSION = app;
			};
			name = Debug;
		};
		3E633977162D8C3A00B63328 /* Release */ = {
			isa = XCBuildConfiguration;
			buildSettings = {
				GCC_PRECOMPILE_PREFIX_HEADER = YES;
				GCC_PREFIX_HEADER = "Queries/Queries-Prefix.pch";
				INFOPLIST_FILE = "Queries/Queries-Info.plist";
				IPHONEOS_DEPLOYMENT_TARGET = 5.1;
				PRODUCT_NAME = "$(TARGET_NAME)";
				WRAPPER_EXTENSION = app;
			};
			name = Release;
		};
/* End XCBuildConfiguration section */

/* Begin XCConfigurationList section */
		3E633951162D8C3900B63328 /* Build configuration list for PBXProject "Queries" */ = {
			isa = XCConfigurationList;
			buildConfigurations = (
				3E633973162D8C3A00B63328 /* Debug */,
				3E633974162D8C3A00B63328 /* Release */,
			);
			defaultConfigurationIsVisible = 0;
			defaultConfigurationName = Release;
		};
		3E633975162D8C3A00B63328 /* Build configuration list for PBXNativeTarget "Queries" */ = {
			isa = XCConfigurationList;
			buildConfigurations = (
				3E633976162D8C3A00B63328 /* Debug */,
				3E633977162D8C3A00B63328 /* Release */,
			);
			defaultConfigurationIsVisible = 0;
			defaultConfigurationName = Release;
		};
/* End XCConfigurationList section */
	};
	rootObject = 3E63394E162D8C3900B63328 /* Project object */;
}
